<?xml version="1.0" encoding="utf-8"?>
<Project ToolsVersion="4.0" xmlns="http://schemas.microsoft.com/developer/msbuild/2003">
  <ItemGroup>
    <Filter Include="Quelldateien">
      <UniqueIdentifier>{4FC737F1-C7A5-4376-A066-2A32D752A2FF}</UniqueIdentifier>
      <Extensions>cpp;c;cc;cxx;c++;cppm;ixx;def;odl;idl;hpj;bat;asm;asmx</Extensions>
    </Filter>
    <Filter Include="Headerdateien">
      <UniqueIdentifier>{93995380-89BD-4b04-88EB-625FBE52EBFB}</UniqueIdentifier>
      <Extensions>h;hh;hpp;hxx;h++;hm;inl;inc;ipp;xsd</Extensions>
    </Filter>
    <Filter Include="Ressourcendateien">
      <UniqueIdentifier>{67DA6AB6-F800-4c08-8B7A-83BB121AAD01}</UniqueIdentifier>
      <Extensions>rc;ico;cur;bmp;dlg;rc2;rct;bin;rgs;gif;jpg;jpeg;jpe;resx;tiff;tif;png;wav;mfcribbon-ms</Extensions>
    </Filter>
    <Filter Include="Headerdateien\Action">
      <UniqueIdentifier>{19823023-e896-4ed2-9f4b-2891be8a4922}</UniqueIdentifier>
    </Filter>
    <Filter Include="Quelldateien\Action">
      <UniqueIdentifier>{da3f2ed8-c020-42db-b16d-4f56ba1d5ca2}</UniqueIdentifier>
    </Filter>
    <Filter Include="Headerdateien\Action\Import">
      <UniqueIdentifier>{1a451e32-f3ed-49e7-b673-15c513049952}</UniqueIdentifier>
    </Filter>
    <Filter Include="Headerdateien\Log">
      <UniqueIdentifier>{7818ef73-b93a-46a9-b3dc-821d0756cbe3}</UniqueIdentifier>
    </Filter>
    <Filter Include="Quelldateien\Log">
      <UniqueIdentifier>{19c5d7ca-84e3-43a5-9468-950fbd2b2cf9}</UniqueIdentifier>
    </Filter>
    <Filter Include="Quelldateien\Action\Import">
      <UniqueIdentifier>{444591e8-7591-4f98-a9ca-a94f6cf17fef}</UniqueIdentifier>
    </Filter>
  </ItemGroup>
  <ItemGroup>
    <ClInclude Include="..\..\src\Editor.Action\Action\Action.hpp">
      <Filter>Headerdateien\Action</Filter>
    </ClInclude>
    <ClInclude Include="..\..\src\Editor.Action\Action\ActionTypeId.hpp">
      <Filter>Headerdateien\Action</Filter>
    </ClInclude>
    <ClInclude Include="..\..\src\Editor.Action\Action\Import\ImportAction.hpp">
      <Filter>Headerdateien\Action\Import</Filter>
    </ClInclude>
    <ClInclude Include="..\..\src\Editor.Action\ActionManager.hpp">
      <Filter>Headerdateien</Filter>
    </ClInclude>
    <ClInclude Include="..\..\src\Editor.Action\Log\ActionLog.hpp">
      <Filter>Headerdateien\Log</Filter>
    </ClInclude>
    <ClInclude Include="..\..\src\Editor.Action\Log\ActionDispatcher.hpp">
      <Filter>Headerdateien\Log</Filter>
    </ClInclude>
    <ClInclude Include="..\..\src\Editor.Action\Log\ActionSaveState.hpp">
      <Filter>Headerdateien\Log</Filter>
    </ClInclude>
    <ClInclude Include="..\..\src\Editor.Action\Log\__fwd.hpp">
      <Filter>Headerdateien\Log</Filter>
    </ClInclude>
    <ClInclude Include="..\..\src\Editor.Action\Action\SimpleAction.hpp">
      <Filter>Headerdateien\Action</Filter>
    </ClInclude>
    <ClInclude Include="..\..\src\Editor.Action\Action\DelegateAction.hpp">
      <Filter>Headerdateien\Action</Filter>
    </ClInclude>
    <ClInclude Include="..\..\src\Editor.Action\Action\Import\SimpleImportAction.hpp">
      <Filter>Headerdateien\Action\Import</Filter>
    </ClInclude>
  </ItemGroup>
  <ItemGroup>
    <ClCompile Include="..\..\src\Editor.Action\Action\Action.cpp">
      <Filter>Quelldateien\Action</Filter>
    </ClCompile>
    <ClCompile Include="..\..\src\Editor.Action\ActionManager.cpp">
      <Filter>Quelldateien</Filter>
    </ClCompile>
    <ClCompile Include="..\..\src\Editor.Action\Log\ActionLog.cpp">
      <Filter>Quelldateien\Log</Filter>
    </ClCompile>
    <ClCompile Include="..\..\src\Editor.Action\Log\ActionDispatcher.cpp">
      <Filter>Quelldateien\Log</Filter>
    </ClCompile>
    <ClCompile Include="..\..\src\Editor.Action\Action\SimpleAction.cpp">
      <Filter>Quelldateien\Action</Filter>
    </ClCompile>
    <ClCompile Include="..\..\src\Editor.Action\Action\DelegateAction.cpp">
      <Filter>Quelldateien\Action</Filter>
    </ClCompile>
    <ClCompile Include="..\..\src\Editor.Action\Action\Import\SimpleImportAction.cpp">
      <Filter>Quelldateien\Action\Import</Filter>
    </ClCompile>
    <ClCompile Include="..\..\src\Editor.Action\Action\Import\ImportAction.cpp">
      <Filter>Quelldateien\Action\Import</Filter>
    </ClCompile>
  </ItemGroup>
</Project>