<?xml version="1.0" encoding="utf-8"?>
<Project ToolsVersion="4.0" xmlns="http://schemas.microsoft.com/developer/msbuild/2003">
  <ItemGroup>
    <Filter Include="Quelldateien">
      <UniqueIdentifier>{4FC737F1-C7A5-4376-A066-2A32D752A2FF}</UniqueIdentifier>
      <Extensions>cpp;c;cc;cxx;c++;cppm;ixx;def;odl;idl;hpj;bat;asm;asmx</Extensions>
    </Filter>
    <Filter Include="Headerdateien">
      <UniqueIdentifier>{93995380-89BD-4b04-88EB-625FBE52EBFB}</UniqueIdentifier>
      <Extensions>h;hh;hpp;hxx;h++;hm;inl;inc;ipp;xsd</Extensions>
    </Filter>
    <Filter Include="Ressourcendateien">
      <UniqueIdentifier>{67DA6AB6-F800-4c08-8B7A-83BB121AAD01}</UniqueIdentifier>
      <Extensions>rc;ico;cur;bmp;dlg;rc2;rct;bin;rgs;gif;jpg;jpeg;jpe;resx;tiff;tif;png;wav;mfcribbon-ms</Extensions>
    </Filter>
    <Filter Include="Headerdateien\Types">
      <UniqueIdentifier>{a8c09f10-63df-4318-87c2-5f9a4b3cbdbf}</UniqueIdentifier>
    </Filter>
    <Filter Include="Quelldateien\Types">
      <UniqueIdentifier>{d39617aa-0662-4a7b-aca4-26d414bda2de}</UniqueIdentifier>
    </Filter>
    <Filter Include="Headerdateien\Database">
      <UniqueIdentifier>{254349d3-154a-44fa-8807-324725f64d4f}</UniqueIdentifier>
    </Filter>
    <Filter Include="Quelldateien\Database">
      <UniqueIdentifier>{790f722f-1f39-4305-8d5c-6d65c29f4fe3}</UniqueIdentifier>
    </Filter>
    <Filter Include="Headerdateien\Types\World">
      <UniqueIdentifier>{44a2c7af-a550-4f5c-86e8-84f87c76fa38}</UniqueIdentifier>
    </Filter>
    <Filter Include="Headerdateien\Types\Sound">
      <UniqueIdentifier>{a353c225-0a36-46c8-8429-c9fb163286c8}</UniqueIdentifier>
    </Filter>
    <Filter Include="Headerdateien\Types\Texture">
      <UniqueIdentifier>{24156c5a-6982-4851-8cf6-48b004249005}</UniqueIdentifier>
    </Filter>
    <Filter Include="Headerdateien\Types\Material">
      <UniqueIdentifier>{91131538-67e2-49fd-8dca-341960c0f1e2}</UniqueIdentifier>
    </Filter>
    <Filter Include="Headerdateien\Types\Geometry">
      <UniqueIdentifier>{18362cff-6b37-4a46-b3fc-22f545726b6e}</UniqueIdentifier>
    </Filter>
    <Filter Include="Quelldateien\Types\Texture">
      <UniqueIdentifier>{ba434ff1-757e-48e9-82a3-25fb82ac13d7}</UniqueIdentifier>
    </Filter>
    <Filter Include="Quelldateien\Types\Geometry">
      <UniqueIdentifier>{412143cd-896b-4a5d-a5dd-4c1d80f396c3}</UniqueIdentifier>
    </Filter>
    <Filter Include="Quelldateien\Types\Material">
      <UniqueIdentifier>{cc35f250-b09f-4f38-9553-8626543a8494}</UniqueIdentifier>
    </Filter>
  </ItemGroup>
  <ItemGroup>
    <ClInclude Include="..\..\src\Engine.Assets\Types\Image.hpp">
      <Filter>Headerdateien\Types</Filter>
    </ClInclude>
    <ClInclude Include="..\..\src\Engine.Assets\AssetGuid.hpp">
      <Filter>Headerdateien</Filter>
    </ClInclude>
    <ClInclude Include="..\..\src\Engine.Assets\Types\Asset.hpp">
      <Filter>Headerdateien\Types</Filter>
    </ClInclude>
    <ClInclude Include="..\..\src\Engine.Assets\Types\Level.hpp">
      <Filter>Headerdateien\Types</Filter>
    </ClInclude>
    <ClInclude Include="..\..\src\Engine.Assets\Types\Material.hpp">
      <Filter>Headerdateien\Types</Filter>
    </ClInclude>
    <ClInclude Include="..\..\src\Engine.Assets\Types\Sound.hpp">
      <Filter>Headerdateien\Types</Filter>
    </ClInclude>
    <ClInclude Include="..\..\src\Engine.Assets\Types\GfxMaterial.hpp">
      <Filter>Headerdateien\Types</Filter>
    </ClInclude>
    <ClInclude Include="..\..\src\Engine.Assets\Types\PfxMaterial.hpp">
      <Filter>Headerdateien\Types</Filter>
    </ClInclude>
    <ClInclude Include="..\..\src\Engine.Assets\Types\SfxMaterial.hpp">
      <Filter>Headerdateien\Types</Filter>
    </ClInclude>
    <ClInclude Include="..\..\src\Engine.Assets\Types\Geometry.hpp">
      <Filter>Headerdateien\Types</Filter>
    </ClInclude>
    <ClInclude Include="..\..\src\Engine.Assets\AssetTypeId.hpp">
      <Filter>Headerdateien</Filter>
    </ClInclude>
    <ClInclude Include="..\..\src\Engine.Assets\Database\AssetDatabase.hpp">
      <Filter>Headerdateien\Database</Filter>
    </ClInclude>
    <ClInclude Include="..\..\src\Engine.Assets\Database\AssetDatabaseEntry.hpp">
      <Filter>Headerdateien\Database</Filter>
    </ClInclude>
    <ClInclude Include="..\..\src\Engine.Assets\Database\AssetDatabaseQuery.hpp">
      <Filter>Headerdateien\Database</Filter>
    </ClInclude>
    <ClInclude Include="..\..\src\Engine.Assets\AssetInputStream.hpp">
      <Filter>Headerdateien</Filter>
    </ClInclude>
    <ClInclude Include="..\..\src\Engine.Assets\AssetOutputStream.hpp">
      <Filter>Headerdateien</Filter>
    </ClInclude>
    <ClInclude Include="..\..\src\Engine.Assets\AssetIOStream.hpp">
      <Filter>Headerdateien</Filter>
    </ClInclude>
    <ClInclude Include="..\..\src\Engine.Assets\Types\LandscapeGeometry.hpp">
      <Filter>Headerdateien\Types</Filter>
    </ClInclude>
    <ClInclude Include="..\..\src\Engine.Assets\Types\SkeletalGeometry.hpp">
      <Filter>Headerdateien\Types</Filter>
    </ClInclude>
    <ClInclude Include="..\..\src\Engine.Assets\AssetFactory.hpp">
      <Filter>Headerdateien</Filter>
    </ClInclude>
    <ClInclude Include="..\..\src\Engine.Assets\Types\AssetConcept.hpp">
      <Filter>Headerdateien\Types</Filter>
    </ClInclude>
    <ClInclude Include="..\..\src\Engine.Assets\Types\Texture\Texture.hpp">
      <Filter>Headerdateien\Types\Texture</Filter>
    </ClInclude>
    <ClInclude Include="..\..\src\Engine.Assets\Types\Geometry\StaticGeometry.hpp">
      <Filter>Headerdateien\Types\Geometry</Filter>
    </ClInclude>
    <ClInclude Include="..\..\src\Engine.Assets\Types\Font.hpp">
      <Filter>Headerdateien\Types</Filter>
    </ClInclude>
    <ClInclude Include="..\..\src\Engine.Assets\Assets.hpp">
      <Filter>Headerdateien</Filter>
    </ClInclude>
  </ItemGroup>
  <ItemGroup>
    <ClCompile Include="..\..\src\Engine.Assets\Types\Asset.cpp">
      <Filter>Quelldateien\Types</Filter>
    </ClCompile>
    <ClCompile Include="..\..\src\Engine.Assets\Database\AssetDatabase.cpp">
      <Filter>Quelldateien\Database</Filter>
    </ClCompile>
    <ClCompile Include="..\..\src\Engine.Assets\Database\AssetDatabaseEntry.cpp">
      <Filter>Quelldateien\Database</Filter>
    </ClCompile>
    <ClCompile Include="..\..\src\Engine.Assets\Types\GfxMaterial.cpp">
      <Filter>Quelldateien\Types</Filter>
    </ClCompile>
    <ClCompile Include="..\..\src\Engine.Assets\Types\Image.cpp">
      <Filter>Quelldateien\Types</Filter>
    </ClCompile>
    <ClCompile Include="..\..\src\Engine.Assets\AssetGuid.cpp">
      <Filter>Quelldateien</Filter>
    </ClCompile>
    <ClCompile Include="..\..\src\Engine.Assets\AssetFactory.cpp">
      <Filter>Quelldateien</Filter>
    </ClCompile>
    <ClCompile Include="..\..\src\Engine.Assets\Types\LandscapeGeometry.cpp">
      <Filter>Quelldateien\Types</Filter>
    </ClCompile>
    <ClCompile Include="..\..\src\Engine.Assets\Database\AssetDatabaseQuery.cpp">
      <Filter>Quelldateien\Database</Filter>
    </ClCompile>
    <ClCompile Include="..\..\src\Engine.Assets\Types\Texture\Texture.cpp">
      <Filter>Quelldateien\Types\Texture</Filter>
    </ClCompile>
    <ClCompile Include="..\..\src\Engine.Assets\Types\Font.cpp">
      <Filter>Quelldateien\Types</Filter>
    </ClCompile>
    <ClCompile Include="..\..\src\Engine.Assets\Types\Texture\TextureDataLayout.cpp">
      <Filter>Quelldateien\Types\Texture</Filter>
    </ClCompile>
    <ClCompile Include="..\..\src\Engine.Assets\AssetGuidDataLayout.cpp">
      <Filter>Quelldateien</Filter>
    </ClCompile>
    <ClCompile Include="..\..\src\Engine.Assets\Types\ImageDataLayout.cpp">
      <Filter>Quelldateien\Types</Filter>
    </ClCompile>
    <ClCompile Include="..\..\src\Engine.Assets\Assets.cpp">
      <Filter>Quelldateien</Filter>
    </ClCompile>
    <ClCompile Include="..\..\src\Engine.Assets\Types\ImageStructure.cpp">
      <Filter>Quelldateien\Types</Filter>
    </ClCompile>
    <ClCompile Include="..\..\src\Engine.Assets\Types\Texture\TextureStructure.cpp">
      <Filter>Quelldateien\Types\Texture</Filter>
    </ClCompile>
    <ClCompile Include="..\..\src\Engine.Assets\Types\Geometry\StaticGeometry.cpp">
      <Filter>Quelldateien\Types\Geometry</Filter>
    </ClCompile>
    <ClCompile Include="..\..\src\Engine.Assets\Types\Geometry\StaticGeometryStructure.cpp">
      <Filter>Quelldateien\Types\Geometry</Filter>
    </ClCompile>
    <ClCompile Include="..\..\src\Engine.Assets\Types\Material\GfxMaterialStructure.cpp">
      <Filter>Quelldateien\Types\Material</Filter>
    </ClCompile>
  </ItemGroup>
</Project>