<?xml version="1.0" encoding="utf-8"?>
<Project ToolsVersion="4.0" xmlns="http://schemas.microsoft.com/developer/msbuild/2003">
  <ItemGroup>
    <Filter Include="Quelldateien">
      <UniqueIdentifier>{4FC737F1-C7A5-4376-A066-2A32D752A2FF}</UniqueIdentifier>
      <Extensions>cpp;c;cc;cxx;c++;cppm;ixx;def;odl;idl;hpj;bat;asm;asmx</Extensions>
    </Filter>
    <Filter Include="Headerdateien">
      <UniqueIdentifier>{93995380-89BD-4b04-88EB-625FBE52EBFB}</UniqueIdentifier>
      <Extensions>h;hh;hpp;hxx;h++;hm;inl;inc;ipp;xsd</Extensions>
    </Filter>
    <Filter Include="Ressourcendateien">
      <UniqueIdentifier>{67DA6AB6-F800-4c08-8B7A-83BB121AAD01}</UniqueIdentifier>
      <Extensions>rc;ico;cur;bmp;dlg;rc2;rct;bin;rgs;gif;jpg;jpeg;jpe;resx;tiff;tif;png;wav;mfcribbon-ms</Extensions>
    </Filter>
    <Filter Include="Headerdateien\Pass">
      <UniqueIdentifier>{8d30a778-590f-4d5a-a054-794cd5e172c5}</UniqueIdentifier>
    </Filter>
    <Filter Include="Quelldateien\Pass">
      <UniqueIdentifier>{de25ce12-7532-4e19-9563-9711bcc2232c}</UniqueIdentifier>
    </Filter>
    <Filter Include="Headerdateien\Pass\Layout">
      <UniqueIdentifier>{c862a59e-cdb7-4ff3-ac76-c2ffc86ffda5}</UniqueIdentifier>
    </Filter>
    <Filter Include="Headerdateien\Symbol">
      <UniqueIdentifier>{c01e3002-6bf9-41a3-ad84-b87fc12805fe}</UniqueIdentifier>
    </Filter>
    <Filter Include="Headerdateien\Stage">
      <UniqueIdentifier>{7aa693b8-d856-405e-b4e5-343fd21f75fa}</UniqueIdentifier>
    </Filter>
    <Filter Include="Quelldateien\Stage">
      <UniqueIdentifier>{86371c02-32ac-423d-b407-3e91aa8a6a16}</UniqueIdentifier>
    </Filter>
  </ItemGroup>
  <ItemGroup>
    <ClInclude Include="..\..\src\Engine.GFX.Acc\AccelerationEffect.hpp">
      <Filter>Headerdateien</Filter>
    </ClInclude>
    <ClInclude Include="..\..\src\Engine.GFX.Acc\AccelerationPass.hpp">
      <Filter>Headerdateien</Filter>
    </ClInclude>
    <ClInclude Include="..\..\src\Engine.GFX.Acc\__fwd.hpp">
      <Filter>Headerdateien</Filter>
    </ClInclude>
    <ClInclude Include="..\..\src\Engine.GFX.Acc\Pass\ComputePass.hpp">
      <Filter>Headerdateien\Pass</Filter>
    </ClInclude>
    <ClInclude Include="..\..\src\Engine.GFX.Acc\Pass\GraphicsPass.hpp">
      <Filter>Headerdateien\Pass</Filter>
    </ClInclude>
    <ClInclude Include="..\..\src\Engine.GFX.Acc\Pass\RaytracingPass.hpp">
      <Filter>Headerdateien\Pass</Filter>
    </ClInclude>
    <ClInclude Include="..\..\src\Engine.GFX.Acc\Pass\MeshPass.hpp">
      <Filter>Headerdateien\Pass</Filter>
    </ClInclude>
    <ClInclude Include="..\..\src\Engine.GFX.Acc\Pass\VkComputePass.hpp">
      <Filter>Headerdateien\Pass</Filter>
    </ClInclude>
    <ClInclude Include="..\..\src\Engine.GFX.Acc\Pass\VkGraphicsPass.hpp">
      <Filter>Headerdateien\Pass</Filter>
    </ClInclude>
    <ClInclude Include="..\..\src\Engine.GFX.Acc\Pass\VkMeshPass.hpp">
      <Filter>Headerdateien\Pass</Filter>
    </ClInclude>
    <ClInclude Include="..\..\src\Engine.GFX.Acc\Pass\VkRaytracingPass.hpp">
      <Filter>Headerdateien\Pass</Filter>
    </ClInclude>
    <ClInclude Include="..\..\src\Engine.GFX.Acc\Pass\DxComputePass.hpp">
      <Filter>Headerdateien\Pass</Filter>
    </ClInclude>
    <ClInclude Include="..\..\src\Engine.GFX.Acc\Pass\DxGraphicsPass.hpp">
      <Filter>Headerdateien\Pass</Filter>
    </ClInclude>
    <ClInclude Include="..\..\src\Engine.GFX.Acc\Pass\DxMeshPass.hpp">
      <Filter>Headerdateien\Pass</Filter>
    </ClInclude>
    <ClInclude Include="..\..\src\Engine.GFX.Acc\Pass\DxRaytracingPass.hpp">
      <Filter>Headerdateien\Pass</Filter>
    </ClInclude>
    <ClInclude Include="..\..\src\Engine.GFX.Acc\Pass\GraphicsSpec.hpp">
      <Filter>Headerdateien\Pass</Filter>
    </ClInclude>
    <ClInclude Include="..\..\src\Engine.GFX.Acc\Pass\AccelerationSpecification.hpp">
      <Filter>Headerdateien\Pass</Filter>
    </ClInclude>
    <ClInclude Include="..\..\src\Engine.GFX.Acc\Pass\Layout\AccelerationPassBindings.hpp">
      <Filter>Headerdateien\Pass\Layout</Filter>
    </ClInclude>
    <ClInclude Include="..\..\src\Engine.GFX.Acc\Pass\Layout\AccelerationBindingLayout.hpp">
      <Filter>Headerdateien\Pass\Layout</Filter>
    </ClInclude>
    <ClInclude Include="..\..\src\Engine.GFX.Acc\DataBindingMode.hpp">
      <Filter>Headerdateien</Filter>
    </ClInclude>
    <ClInclude Include="..\..\src\Engine.GFX.Acc\Symbol\Symbol.hpp">
      <Filter>Headerdateien\Symbol</Filter>
    </ClInclude>
    <ClInclude Include="..\..\src\Engine.GFX.Acc\Symbol\Scope.hpp">
      <Filter>Headerdateien\Symbol</Filter>
    </ClInclude>
    <ClInclude Include="..\..\src\Engine.GFX.Acc\Symbol\Flags.hpp">
      <Filter>Headerdateien\Symbol</Filter>
    </ClInclude>
    <ClInclude Include="..\..\src\Engine.GFX.Acc\Stage\Stage.hpp">
      <Filter>Headerdateien\Stage</Filter>
    </ClInclude>
    <ClInclude Include="..\..\src\Engine.GFX.Acc\Stage\StageDerivat.hpp">
      <Filter>Headerdateien\Stage</Filter>
    </ClInclude>
    <ClInclude Include="..\..\src\Engine.GFX.Acc\Stage\StageFlags.hpp">
      <Filter>Headerdateien\Stage</Filter>
    </ClInclude>
    <ClInclude Include="..\..\src\Engine.GFX.Acc\Stage\StageInput.hpp">
      <Filter>Headerdateien\Stage</Filter>
    </ClInclude>
    <ClInclude Include="..\..\src\Engine.GFX.Acc\Stage\StageModule.hpp">
      <Filter>Headerdateien\Stage</Filter>
    </ClInclude>
    <ClInclude Include="..\..\src\Engine.GFX.Acc\Stage\StageOutput.hpp">
      <Filter>Headerdateien\Stage</Filter>
    </ClInclude>
    <ClInclude Include="..\..\src\Engine.GFX.Acc\Stage\TransferDataType.hpp">
      <Filter>Headerdateien\Stage</Filter>
    </ClInclude>
    <ClInclude Include="..\..\src\Engine.GFX.Acc\Stage\TransferToken.hpp">
      <Filter>Headerdateien\Stage</Filter>
    </ClInclude>
    <ClInclude Include="..\..\src\Engine.GFX.Acc\Stage\TransferType.hpp">
      <Filter>Headerdateien\Stage</Filter>
    </ClInclude>
    <ClInclude Include="..\..\src\Engine.GFX.Acc\Stage\DataInputRate.hpp">
      <Filter>Headerdateien\Stage</Filter>
    </ClInclude>
    <ClInclude Include="..\..\src\Engine.GFX.Acc\Stage\DataOutputRate.hpp">
      <Filter>Headerdateien\Stage</Filter>
    </ClInclude>
    <ClInclude Include="..\..\src\Engine.GFX.Acc\DataIoMode.hpp">
      <Filter>Headerdateien</Filter>
    </ClInclude>
  </ItemGroup>
  <ItemGroup>
    <ClCompile Include="..\..\src\Engine.GFX.Acc\AccelerationEffect.cpp">
      <Filter>Quelldateien</Filter>
    </ClCompile>
    <ClCompile Include="..\..\src\Engine.GFX.Acc\AccelerationPass.cpp">
      <Filter>Quelldateien</Filter>
    </ClCompile>
    <ClCompile Include="..\..\src\Engine.GFX.Acc\Pass\VkGraphicsPass.cpp">
      <Filter>Quelldateien\Pass</Filter>
    </ClCompile>
    <ClCompile Include="..\..\src\Engine.GFX.Acc\Pass\GraphicsPass.cpp">
      <Filter>Quelldateien\Pass</Filter>
    </ClCompile>
    <ClCompile Include="..\..\src\Engine.GFX.Acc\Stage\Stage.cpp">
      <Filter>Quelldateien\Stage</Filter>
    </ClCompile>
    <ClCompile Include="..\..\src\Engine.GFX.Acc\Stage\StageDerivat.cpp">
      <Filter>Quelldateien\Stage</Filter>
    </ClCompile>
    <ClCompile Include="..\..\src\Engine.GFX.Acc\Stage\StageModule.cpp">
      <Filter>Quelldateien\Stage</Filter>
    </ClCompile>
  </ItemGroup>
</Project>