<?xml version="1.0" encoding="utf-8"?>
<Project ToolsVersion="4.0" xmlns="http://schemas.microsoft.com/developer/msbuild/2003">
  <ItemGroup>
    <Filter Include="Quelldateien">
      <UniqueIdentifier>{4FC737F1-C7A5-4376-A066-2A32D752A2FF}</UniqueIdentifier>
      <Extensions>cpp;c;cc;cxx;c++;cppm;ixx;def;odl;idl;hpj;bat;asm;asmx</Extensions>
    </Filter>
    <Filter Include="Headerdateien">
      <UniqueIdentifier>{93995380-89BD-4b04-88EB-625FBE52EBFB}</UniqueIdentifier>
      <Extensions>h;hh;hpp;hxx;h++;hm;inl;inc;ipp;xsd</Extensions>
    </Filter>
    <Filter Include="Ressourcendateien">
      <UniqueIdentifier>{67DA6AB6-F800-4c08-8B7A-83BB121AAD01}</UniqueIdentifier>
      <Extensions>rc;ico;cur;bmp;dlg;rc2;rct;bin;rgs;gif;jpg;jpeg;jpe;resx;tiff;tif;png;wav;mfcribbon-ms</Extensions>
    </Filter>
    <Filter Include="Headerdateien\Options">
      <UniqueIdentifier>{dcef354e-369f-4d72-b65e-9a15727157e9}</UniqueIdentifier>
    </Filter>
    <Filter Include="Headerdateien\Registry">
      <UniqueIdentifier>{18ac630f-a22b-4efc-848b-0274a8a3e035}</UniqueIdentifier>
    </Filter>
    <Filter Include="Headerdateien\Repository">
      <UniqueIdentifier>{665cd8a5-901a-43f5-b771-f09404fd3874}</UniqueIdentifier>
    </Filter>
    <Filter Include="Quelldateien\Repository">
      <UniqueIdentifier>{2ecdb479-5d67-4af0-ad56-1cdcfaae7fad}</UniqueIdentifier>
    </Filter>
  </ItemGroup>
  <ItemGroup>
    <ClInclude Include="..\..\src\Engine.Assets.System\AssetRegistry.hpp">
      <Filter>Headerdateien</Filter>
    </ClInclude>
    <ClInclude Include="..\..\src\Engine.Assets.System\AssetRepository.hpp">
      <Filter>Headerdateien</Filter>
    </ClInclude>
    <ClInclude Include="..\..\src\Engine.Assets.System\__fwd.hpp">
      <Filter>Headerdateien</Filter>
    </ClInclude>
    <ClInclude Include="..\..\src\Engine.Assets.System\Options\RemovePathOptions.hpp">
      <Filter>Headerdateien\Options</Filter>
    </ClInclude>
    <ClInclude Include="..\..\src\Engine.Assets.System\Options\RemovePathsOptions.hpp">
      <Filter>Headerdateien\Options</Filter>
    </ClInclude>
    <ClInclude Include="..\..\src\Engine.Assets.System\Options\FindPathOptions.hpp">
      <Filter>Headerdateien\Options</Filter>
    </ClInclude>
    <ClInclude Include="..\..\src\Engine.Assets.System\Options\FindPathsOptions.hpp">
      <Filter>Headerdateien\Options</Filter>
    </ClInclude>
    <ClInclude Include="..\..\src\Engine.Assets.System\Registry\Index.hpp">
      <Filter>Headerdateien\Registry</Filter>
    </ClInclude>
    <ClInclude Include="..\..\src\Engine.Assets.System\Registry\IndexTable.hpp">
      <Filter>Headerdateien\Registry</Filter>
    </ClInclude>
    <ClInclude Include="..\..\src\Engine.Assets.System\Registry\IndexTrait.hpp">
      <Filter>Headerdateien\Registry</Filter>
    </ClInclude>
    <ClInclude Include="..\..\src\Engine.Assets.System\IAssetRegistry.hpp">
      <Filter>Headerdateien</Filter>
    </ClInclude>
    <ClInclude Include="..\..\src\Engine.Assets.System\Repository\InMemAssetRepository.hpp">
      <Filter>Headerdateien\Repository</Filter>
    </ClInclude>
    <ClInclude Include="..\..\src\Engine.Assets.System\Repository\AssetRepositoryItem.hpp">
      <Filter>Headerdateien\Repository</Filter>
    </ClInclude>
    <ClInclude Include="..\..\src\Engine.Assets.System\AssetDescriptor.hpp">
      <Filter>Headerdateien</Filter>
    </ClInclude>
  </ItemGroup>
  <ItemGroup>
    <ClCompile Include="..\..\src\Engine.Assets.System\AssetRegistry.cpp">
      <Filter>Quelldateien</Filter>
    </ClCompile>
    <ClCompile Include="..\..\src\Engine.Assets.System\AssetRepository.cpp">
      <Filter>Quelldateien</Filter>
    </ClCompile>
    <ClCompile Include="..\..\src\Engine.Assets.System\Repository\InMemAssetRepository.cpp">
      <Filter>Quelldateien\Repository</Filter>
    </ClCompile>
  </ItemGroup>
</Project>