<?xml version="1.0" encoding="utf-8"?>
<Project ToolsVersion="4.0" xmlns="http://schemas.microsoft.com/developer/msbuild/2003">
  <ItemGroup>
    <Filter Include="Quelldateien">
      <UniqueIdentifier>{4FC737F1-C7A5-4376-A066-2A32D752A2FF}</UniqueIdentifier>
      <Extensions>cpp;c;cc;cxx;c++;cppm;ixx;def;odl;idl;hpj;bat;asm;asmx</Extensions>
    </Filter>
    <Filter Include="Headerdateien">
      <UniqueIdentifier>{93995380-89BD-4b04-88EB-625FBE52EBFB}</UniqueIdentifier>
      <Extensions>h;hh;hpp;hxx;h++;hm;inl;inc;ipp;xsd</Extensions>
    </Filter>
    <Filter Include="Ressourcendateien">
      <UniqueIdentifier>{67DA6AB6-F800-4c08-8B7A-83BB121AAD01}</UniqueIdentifier>
      <Extensions>rc;ico;cur;bmp;dlg;rc2;rct;bin;rgs;gif;jpg;jpeg;jpe;resx;tiff;tif;png;wav;mfcribbon-ms</Extensions>
    </Filter>
    <Filter Include="Headerdateien\Assets">
      <UniqueIdentifier>{4c63073f-c214-4cd3-b7d4-0c9dd146e395}</UniqueIdentifier>
    </Filter>
    <Filter Include="Headerdateien\Assets\Materials">
      <UniqueIdentifier>{7512bf6a-c29c-4dbf-b4ca-d8c45ac97c51}</UniqueIdentifier>
    </Filter>
    <Filter Include="Ressourcendateien\Shader">
      <UniqueIdentifier>{8fc29749-28e1-472c-bcb9-b4a6ba6a83e1}</UniqueIdentifier>
    </Filter>
    <Filter Include="Headerdateien\World">
      <UniqueIdentifier>{0b9403f7-07af-4a75-b5ef-74ed9797c12d}</UniqueIdentifier>
    </Filter>
    <Filter Include="Headerdateien\World\Entities">
      <UniqueIdentifier>{1b03a5ce-f708-4991-8306-42f51ffd8bc2}</UniqueIdentifier>
    </Filter>
    <Filter Include="Headerdateien\World\Entities\Components">
      <UniqueIdentifier>{2931f318-55a4-4a28-8553-7a8c72b00363}</UniqueIdentifier>
    </Filter>
    <Filter Include="Headerdateien\Assets\Textures">
      <UniqueIdentifier>{38690a4b-d604-4049-847e-711f0336a59e}</UniqueIdentifier>
    </Filter>
    <Filter Include="Headerdateien\Assets\Images">
      <UniqueIdentifier>{3cbd042a-f213-4a0d-aaad-e1776c0e73b2}</UniqueIdentifier>
    </Filter>
    <Filter Include="Headerdateien\Assets\Sounds">
      <UniqueIdentifier>{0f2d3941-d0fe-4476-b275-36d07a046ae3}</UniqueIdentifier>
    </Filter>
    <Filter Include="Headerdateien\Assets\Level">
      <UniqueIdentifier>{09e7a2b7-794f-4668-b781-7405be4ac76d}</UniqueIdentifier>
    </Filter>
    <Filter Include="Headerdateien\Assets\Entities">
      <UniqueIdentifier>{c3ad4901-679f-4dd4-8e6a-6ab5753166b0}</UniqueIdentifier>
    </Filter>
    <Filter Include="Quelldateien\Assets">
      <UniqueIdentifier>{ac285db0-8ddb-412a-b41a-5412cff7510d}</UniqueIdentifier>
    </Filter>
    <Filter Include="Quelldateien\Assets\Textures">
      <UniqueIdentifier>{9208aa88-3de8-4c47-80fd-d58b6169f1e3}</UniqueIdentifier>
    </Filter>
    <Filter Include="Headerdateien\Assets\GfxMaterials">
      <UniqueIdentifier>{8f8f1758-1546-4b6b-9fcd-6cd568169b52}</UniqueIdentifier>
    </Filter>
    <Filter Include="Quelldateien\Assets\GfxMaterials">
      <UniqueIdentifier>{fd854255-40c4-4998-b243-d9932b46c581}</UniqueIdentifier>
    </Filter>
    <Filter Include="Quelldateien\Assets\Images">
      <UniqueIdentifier>{baa8c914-b467-417e-83e8-10cab2eeca4c}</UniqueIdentifier>
    </Filter>
    <Filter Include="Headerdateien\Assets\Meshes">
      <UniqueIdentifier>{2e8f1c04-7acf-49a4-8925-cbe1522ea6e0}</UniqueIdentifier>
    </Filter>
    <Filter Include="Quelldateien\Assets\Meshes">
      <UniqueIdentifier>{71eed777-e8c5-4b11-bc50-3a92b1cfb9f2}</UniqueIdentifier>
    </Filter>
    <Filter Include="Headerdateien\World\Actors">
      <UniqueIdentifier>{564f3c89-53fa-49a4-b755-5c50f6d48276}</UniqueIdentifier>
    </Filter>
    <Filter Include="Quelldateien\World">
      <UniqueIdentifier>{7b8b188a-39bd-4f9f-b57f-bdd81442a925}</UniqueIdentifier>
    </Filter>
    <Filter Include="Quelldateien\World\Actors">
      <UniqueIdentifier>{c582479d-90a2-4e9c-ae63-81c7055f6be4}</UniqueIdentifier>
    </Filter>
  </ItemGroup>
  <ItemGroup>
    <ClCompile Include="..\..\src\Game.Main\main.cpp">
      <Filter>Quelldateien</Filter>
    </ClCompile>
    <ClCompile Include="..\..\src\Game.Main\Assets\Textures\GrassWild01Albedo.cpp">
      <Filter>Quelldateien\Assets\Textures</Filter>
    </ClCompile>
    <ClCompile Include="..\..\src\Game.Main\Assets\Textures\GrassWild01AO.cpp">
      <Filter>Quelldateien\Assets\Textures</Filter>
    </ClCompile>
    <ClCompile Include="..\..\src\Game.Main\Assets\Textures\GrassWild01Cavity.cpp">
      <Filter>Quelldateien\Assets\Textures</Filter>
    </ClCompile>
    <ClCompile Include="..\..\src\Game.Main\Assets\Textures\GrassWild01Displacement.cpp">
      <Filter>Quelldateien\Assets\Textures</Filter>
    </ClCompile>
    <ClCompile Include="..\..\src\Game.Main\Assets\Textures\GrassWild01Gloss.cpp">
      <Filter>Quelldateien\Assets\Textures</Filter>
    </ClCompile>
    <ClCompile Include="..\..\src\Game.Main\Assets\Textures\GrassWild01Normal.cpp">
      <Filter>Quelldateien\Assets\Textures</Filter>
    </ClCompile>
    <ClCompile Include="..\..\src\Game.Main\Assets\Textures\GrassWild01Roughness.cpp">
      <Filter>Quelldateien\Assets\Textures</Filter>
    </ClCompile>
    <ClCompile Include="..\..\src\Game.Main\Assets\Textures\GrassWild01Specular.cpp">
      <Filter>Quelldateien\Assets\Textures</Filter>
    </ClCompile>
    <ClCompile Include="..\..\src\Game.Main\Assets\GfxMaterials\ForestGround01.cpp">
      <Filter>Quelldateien\Assets\GfxMaterials</Filter>
    </ClCompile>
    <ClCompile Include="..\..\src\Game.Main\Assets\GfxMaterials\GrassWild01.cpp">
      <Filter>Quelldateien\Assets\GfxMaterials</Filter>
    </ClCompile>
    <ClCompile Include="..\..\src\Game.Main\Assets\Images\GrassWild01Albedo.cpp">
      <Filter>Quelldateien\Assets\Images</Filter>
    </ClCompile>
    <ClCompile Include="..\..\src\Game.Main\Assets\Meshes\PlaneD128.cpp">
      <Filter>Quelldateien\Assets\Meshes</Filter>
    </ClCompile>
    <ClCompile Include="..\..\src\Game.Main\World\Actors\WoodenTable.cpp">
      <Filter>Quelldateien\World\Actors</Filter>
    </ClCompile>
    <ClCompile Include="..\..\src\Game.Main\Assets\Meshes\CubeD1.cpp">
      <Filter>Quelldateien\Assets\Meshes</Filter>
    </ClCompile>
    <ClCompile Include="..\..\src\Game.Main\Assets\Meshes\Sphere.cpp">
      <Filter>Quelldateien\Assets\Meshes</Filter>
    </ClCompile>
    <ClCompile Include="..\..\src\Game.Main\Assets\Meshes\Cylinder.cpp">
      <Filter>Quelldateien\Assets\Meshes</Filter>
    </ClCompile>
    <ClCompile Include="..\..\src\Game.Main\Assets\Textures\ForestGround01Diffuse.cpp">
      <Filter>Quelldateien\Assets\Textures</Filter>
    </ClCompile>
    <ClCompile Include="..\..\src\Game.Main\Assets\Textures\ForestGround01Normal.cpp">
      <Filter>Quelldateien\Assets\Textures</Filter>
    </ClCompile>
    <ClCompile Include="..\..\src\Game.Main\Assets\Textures\ForestGround01Roughness.cpp">
      <Filter>Quelldateien\Assets\Textures</Filter>
    </ClCompile>
    <ClCompile Include="..\..\src\Game.Main\Assets\Textures\ForestGround01AO.cpp">
      <Filter>Quelldateien\Assets\Textures</Filter>
    </ClCompile>
    <ClCompile Include="..\..\src\Game.Main\Assets\Images\ForestGround01AO.cpp">
      <Filter>Quelldateien\Assets\Images</Filter>
    </ClCompile>
    <ClCompile Include="..\..\src\Game.Main\Assets\Images\ForestGround01Diffuse.cpp">
      <Filter>Quelldateien\Assets\Images</Filter>
    </ClCompile>
    <ClCompile Include="..\..\src\Game.Main\Assets\Images\ForestGround01Normal.cpp">
      <Filter>Quelldateien\Assets\Images</Filter>
    </ClCompile>
    <ClCompile Include="..\..\src\Game.Main\Assets\Images\ForestGround01Roughness.cpp">
      <Filter>Quelldateien\Assets\Images</Filter>
    </ClCompile>
    <ClCompile Include="..\..\src\Game.Main\Assets\Textures\DryGroundRocks01Diffuse.cpp">
      <Filter>Quelldateien\Assets\Textures</Filter>
    </ClCompile>
    <ClCompile Include="..\..\src\Game.Main\Assets\Textures\DryGroundRocks01Normal.cpp">
      <Filter>Quelldateien\Assets\Textures</Filter>
    </ClCompile>
    <ClCompile Include="..\..\src\Game.Main\Assets\Textures\DryGroundRocks01Roughness.cpp">
      <Filter>Quelldateien\Assets\Textures</Filter>
    </ClCompile>
    <ClCompile Include="..\..\src\Game.Main\Assets\Textures\DryGroundRocks01AO.cpp">
      <Filter>Quelldateien\Assets\Textures</Filter>
    </ClCompile>
    <ClCompile Include="..\..\src\Game.Main\Assets\Images\DryGroundRocks01AO.cpp">
      <Filter>Quelldateien\Assets\Images</Filter>
    </ClCompile>
    <ClCompile Include="..\..\src\Game.Main\Assets\Images\DryGroundRocks01Diffuse.cpp">
      <Filter>Quelldateien\Assets\Images</Filter>
    </ClCompile>
    <ClCompile Include="..\..\src\Game.Main\Assets\Images\DryGroundRocks01Normal.cpp">
      <Filter>Quelldateien\Assets\Images</Filter>
    </ClCompile>
    <ClCompile Include="..\..\src\Game.Main\Assets\Images\DryGroundRocks01Roughness.cpp">
      <Filter>Quelldateien\Assets\Images</Filter>
    </ClCompile>
    <ClCompile Include="..\..\src\Game.Main\Assets\GfxMaterials\DryGroundRocks01.cpp">
      <Filter>Quelldateien\Assets\GfxMaterials</Filter>
    </ClCompile>
    <ClCompile Include="..\..\src\Game.Main\Assets\GfxMaterials\Rock01.cpp">
      <Filter>Quelldateien\Assets\GfxMaterials</Filter>
    </ClCompile>
    <ClCompile Include="..\..\src\Game.Main\Assets\GfxMaterials\Stick01.cpp">
      <Filter>Quelldateien\Assets\GfxMaterials</Filter>
    </ClCompile>
    <ClCompile Include="..\..\src\Game.Main\Assets\Textures\Rock01Diffuse.cpp">
      <Filter>Quelldateien\Assets\Textures</Filter>
    </ClCompile>
    <ClCompile Include="..\..\src\Game.Main\Assets\Textures\Rock01Normal.cpp">
      <Filter>Quelldateien\Assets\Textures</Filter>
    </ClCompile>
    <ClCompile Include="..\..\src\Game.Main\Assets\Textures\Rock01Roughness.cpp">
      <Filter>Quelldateien\Assets\Textures</Filter>
    </ClCompile>
    <ClCompile Include="..\..\src\Game.Main\Assets\Textures\Stick01Diffuse.cpp">
      <Filter>Quelldateien\Assets\Textures</Filter>
    </ClCompile>
    <ClCompile Include="..\..\src\Game.Main\Assets\Textures\Stick01Normal.cpp">
      <Filter>Quelldateien\Assets\Textures</Filter>
    </ClCompile>
    <ClCompile Include="..\..\src\Game.Main\Assets\Textures\Stick01AO.cpp">
      <Filter>Quelldateien\Assets\Textures</Filter>
    </ClCompile>
    <ClCompile Include="..\..\src\Game.Main\Assets\Meshes\Rock01.cpp">
      <Filter>Quelldateien\Assets\Meshes</Filter>
    </ClCompile>
    <ClCompile Include="..\..\src\Game.Main\Assets\Meshes\Stick01.cpp">
      <Filter>Quelldateien\Assets\Meshes</Filter>
    </ClCompile>
    <ClCompile Include="..\..\src\Game.Main\Assets\Textures\DefaultAO.cpp">
      <Filter>Quelldateien\Assets\Textures</Filter>
    </ClCompile>
    <ClCompile Include="..\..\src\Game.Main\Assets\Textures\DefaultDiffuse.cpp">
      <Filter>Quelldateien\Assets\Textures</Filter>
    </ClCompile>
    <ClCompile Include="..\..\src\Game.Main\Assets\Textures\DefaultNormal.cpp">
      <Filter>Quelldateien\Assets\Textures</Filter>
    </ClCompile>
    <ClCompile Include="..\..\src\Game.Main\Assets\Textures\DefaultRoughness.cpp">
      <Filter>Quelldateien\Assets\Textures</Filter>
    </ClCompile>
    <ClCompile Include="..\..\src\Game.Main\Assets\GfxMaterials\Dandelion01.cpp">
      <Filter>Quelldateien\Assets\GfxMaterials</Filter>
    </ClCompile>
    <ClCompile Include="..\..\src\Game.Main\Assets\Images\Dandelion01Alpha.cpp">
      <Filter>Quelldateien\Assets\Images</Filter>
    </ClCompile>
    <ClCompile Include="..\..\src\Game.Main\Assets\Images\Dandelion01Diffuse.cpp">
      <Filter>Quelldateien\Assets\Images</Filter>
    </ClCompile>
    <ClCompile Include="..\..\src\Game.Main\Assets\Images\Dandelion01Normal.cpp">
      <Filter>Quelldateien\Assets\Images</Filter>
    </ClCompile>
    <ClCompile Include="..\..\src\Game.Main\Assets\Images\Dandelion01Roughness.cpp">
      <Filter>Quelldateien\Assets\Images</Filter>
    </ClCompile>
    <ClCompile Include="..\..\src\Game.Main\Assets\Meshes\Dandelion01.cpp">
      <Filter>Quelldateien\Assets\Meshes</Filter>
    </ClCompile>
    <ClCompile Include="..\..\src\Game.Main\Assets\Textures\Dandelion01Alpha.cpp">
      <Filter>Quelldateien\Assets\Textures</Filter>
    </ClCompile>
    <ClCompile Include="..\..\src\Game.Main\Assets\Textures\Dandelion01Diffuse.cpp">
      <Filter>Quelldateien\Assets\Textures</Filter>
    </ClCompile>
    <ClCompile Include="..\..\src\Game.Main\Assets\Textures\Dandelion01Normal.cpp">
      <Filter>Quelldateien\Assets\Textures</Filter>
    </ClCompile>
    <ClCompile Include="..\..\src\Game.Main\Assets\Textures\Dandelion01Roughness.cpp">
      <Filter>Quelldateien\Assets\Textures</Filter>
    </ClCompile>
    <ClCompile Include="..\..\src\Game.Main\Assets\Textures\DefaultAlpha.cpp">
      <Filter>Quelldateien\Assets\Textures</Filter>
    </ClCompile>
    <ClCompile Include="..\..\src\Game.Main\Assets\GfxMaterials\WoodenPier01Poles.cpp">
      <Filter>Quelldateien\Assets\GfxMaterials</Filter>
    </ClCompile>
    <ClCompile Include="..\..\src\Game.Main\Assets\GfxMaterials\WoodenPier01Planks.cpp">
      <Filter>Quelldateien\Assets\GfxMaterials</Filter>
    </ClCompile>
    <ClCompile Include="..\..\src\Game.Main\Assets\Textures\WoodenPier01PolesDiffuse.cpp">
      <Filter>Quelldateien\Assets\Textures</Filter>
    </ClCompile>
    <ClCompile Include="..\..\src\Game.Main\Assets\Textures\WoodenPier01PlanksDiffuse.cpp">
      <Filter>Quelldateien\Assets\Textures</Filter>
    </ClCompile>
    <ClCompile Include="..\..\src\Game.Main\Assets\GfxMaterials\WoodenBucket01.cpp">
      <Filter>Quelldateien\Assets\GfxMaterials</Filter>
    </ClCompile>
    <ClCompile Include="..\..\src\Game.Main\Assets\GfxMaterials\WoodenBucket02.cpp">
      <Filter>Quelldateien\Assets\GfxMaterials</Filter>
    </ClCompile>
    <ClCompile Include="..\..\src\Game.Main\Assets\Images\WoodenBucket01Diffuse.cpp">
      <Filter>Quelldateien\Assets\Images</Filter>
    </ClCompile>
    <ClCompile Include="..\..\src\Game.Main\Assets\Images\WoodenBucket01Metalness.cpp">
      <Filter>Quelldateien\Assets\Images</Filter>
    </ClCompile>
    <ClCompile Include="..\..\src\Game.Main\Assets\Images\WoodenBucket01Normal.cpp">
      <Filter>Quelldateien\Assets\Images</Filter>
    </ClCompile>
    <ClCompile Include="..\..\src\Game.Main\Assets\Images\WoodenBucket01Roughness.cpp">
      <Filter>Quelldateien\Assets\Images</Filter>
    </ClCompile>
    <ClCompile Include="..\..\src\Game.Main\Assets\Images\WoodenBucket02Diffuse.cpp">
      <Filter>Quelldateien\Assets\Images</Filter>
    </ClCompile>
    <ClCompile Include="..\..\src\Game.Main\Assets\Images\WoodenBucket02Metalness.cpp">
      <Filter>Quelldateien\Assets\Images</Filter>
    </ClCompile>
    <ClCompile Include="..\..\src\Game.Main\Assets\Images\WoodenBucket02Normal.cpp">
      <Filter>Quelldateien\Assets\Images</Filter>
    </ClCompile>
    <ClCompile Include="..\..\src\Game.Main\Assets\Images\WoodenBucket02Roughness.cpp">
      <Filter>Quelldateien\Assets\Images</Filter>
    </ClCompile>
    <ClCompile Include="..\..\src\Game.Main\Assets\Meshes\WoodenBucket01.cpp">
      <Filter>Quelldateien\Assets\Meshes</Filter>
    </ClCompile>
    <ClCompile Include="..\..\src\Game.Main\Assets\Meshes\WoodenBucket02.cpp">
      <Filter>Quelldateien\Assets\Meshes</Filter>
    </ClCompile>
    <ClCompile Include="..\..\src\Game.Main\Assets\Textures\WoodenBucket01Diffuse.cpp">
      <Filter>Quelldateien\Assets\Textures</Filter>
    </ClCompile>
    <ClCompile Include="..\..\src\Game.Main\Assets\Textures\WoodenBucket01Normal.cpp">
      <Filter>Quelldateien\Assets\Textures</Filter>
    </ClCompile>
    <ClCompile Include="..\..\src\Game.Main\Assets\Textures\WoodenBucket01Roughness.cpp">
      <Filter>Quelldateien\Assets\Textures</Filter>
    </ClCompile>
    <ClCompile Include="..\..\src\Game.Main\Assets\Textures\WoodenBucket01Metalness.cpp">
      <Filter>Quelldateien\Assets\Textures</Filter>
    </ClCompile>
    <ClCompile Include="..\..\src\Game.Main\Assets\Textures\WoodenBucket02Diffuse.cpp">
      <Filter>Quelldateien\Assets\Textures</Filter>
    </ClCompile>
    <ClCompile Include="..\..\src\Game.Main\Assets\Textures\WoodenBucket02Metalness.cpp">
      <Filter>Quelldateien\Assets\Textures</Filter>
    </ClCompile>
    <ClCompile Include="..\..\src\Game.Main\Assets\Textures\WoodenBucket02Normal.cpp">
      <Filter>Quelldateien\Assets\Textures</Filter>
    </ClCompile>
    <ClCompile Include="..\..\src\Game.Main\Assets\Textures\WoodenBucket02Roughness.cpp">
      <Filter>Quelldateien\Assets\Textures</Filter>
    </ClCompile>
    <ClCompile Include="..\..\src\Game.Main\Assets\Meshes\WoodenPier01Planks.cpp">
      <Filter>Quelldateien\Assets\Meshes</Filter>
    </ClCompile>
    <ClCompile Include="..\..\src\Game.Main\Assets\Meshes\WoodenPier01Poles.cpp">
      <Filter>Quelldateien\Assets\Meshes</Filter>
    </ClCompile>
    <ClCompile Include="..\..\src\Game.Main\Assets\Textures\WoodenPier01PlanksNormal.cpp">
      <Filter>Quelldateien\Assets\Textures</Filter>
    </ClCompile>
    <ClCompile Include="..\..\src\Game.Main\Assets\Textures\WoodenPier01PolesNormal.cpp">
      <Filter>Quelldateien\Assets\Textures</Filter>
    </ClCompile>
    <ClCompile Include="..\..\src\Game.Main\Assets\Textures\DefaultMetalness.cpp">
      <Filter>Quelldateien\Assets\Textures</Filter>
    </ClCompile>
    <ClCompile Include="..\..\src\Game.Main\Assets\Textures\WoodenPier01PlanksRoughness.cpp">
      <Filter>Quelldateien\Assets\Textures</Filter>
    </ClCompile>
    <ClCompile Include="..\..\src\Game.Main\Assets\Textures\WoodenPier01PolesRoughness.cpp">
      <Filter>Quelldateien\Assets\Textures</Filter>
    </ClCompile>
    <ClCompile Include="..\..\src\Game.Main\Assets\GfxMaterials\Cannon01.cpp">
      <Filter>Quelldateien\Assets\GfxMaterials</Filter>
    </ClCompile>
    <ClCompile Include="..\..\src\Game.Main\Assets\Meshes\Cannon01.cpp">
      <Filter>Quelldateien\Assets\Meshes</Filter>
    </ClCompile>
    <ClCompile Include="..\..\src\Game.Main\Assets\Textures\Cannon01Normal.cpp">
      <Filter>Quelldateien\Assets\Textures</Filter>
    </ClCompile>
    <ClCompile Include="..\..\src\Game.Main\Assets\Textures\Cannon01Diffuse.cpp">
      <Filter>Quelldateien\Assets\Textures</Filter>
    </ClCompile>
    <ClCompile Include="..\..\src\Game.Main\Assets\Textures\Cannon01Roughness.cpp">
      <Filter>Quelldateien\Assets\Textures</Filter>
    </ClCompile>
    <ClCompile Include="..\..\src\Game.Main\Assets\Textures\Cannon01Metalness.cpp">
      <Filter>Quelldateien\Assets\Textures</Filter>
    </ClCompile>
    <ClCompile Include="..\..\src\Game.Main\Assets\Textures\CerberusMetalness.cpp">
      <Filter>Quelldateien\Assets\Textures</Filter>
    </ClCompile>
    <ClCompile Include="..\..\src\Game.Main\Assets\Textures\CerberusRoughness.cpp">
      <Filter>Quelldateien\Assets\Textures</Filter>
    </ClCompile>
    <ClCompile Include="..\..\src\Game.Main\Assets\Textures\CerberusNormal.cpp">
      <Filter>Quelldateien\Assets\Textures</Filter>
    </ClCompile>
    <ClCompile Include="..\..\src\Game.Main\Assets\Textures\CerberusAO.cpp">
      <Filter>Quelldateien\Assets\Textures</Filter>
    </ClCompile>
    <ClCompile Include="..\..\src\Game.Main\Assets\Textures\CerberusDiffuse.cpp">
      <Filter>Quelldateien\Assets\Textures</Filter>
    </ClCompile>
    <ClCompile Include="..\..\src\Game.Main\Assets\Meshes\Cerberus.cpp">
      <Filter>Quelldateien\Assets\Meshes</Filter>
    </ClCompile>
    <ClCompile Include="..\..\src\Game.Main\Assets\GfxMaterials\Cerberus.cpp">
      <Filter>Quelldateien\Assets\GfxMaterials</Filter>
    </ClCompile>
  </ItemGroup>
  <ItemGroup>
    <ClInclude Include="..\..\src\Game.Main\Assets\Materials\ForestGround.hpp">
      <Filter>Headerdateien\Assets\Materials</Filter>
    </ClInclude>
    <ClInclude Include="..\..\src\Game.Main\Assets\Materials\GrassWildGround.hpp">
      <Filter>Headerdateien\Assets\Materials</Filter>
    </ClInclude>
    <ClInclude Include="..\..\src\Game.Main\Assets\Materials\Inc.hpp">
      <Filter>Headerdateien\Assets\Materials</Filter>
    </ClInclude>
    <ClInclude Include="..\..\src\Game.Main\Assets\Materials\MetalBare.hpp">
      <Filter>Headerdateien\Assets\Materials</Filter>
    </ClInclude>
    <ClInclude Include="..\..\src\Game.Main\Assets\Materials\MossGround.hpp">
      <Filter>Headerdateien\Assets\Materials</Filter>
    </ClInclude>
    <ClInclude Include="..\..\src\Game.Main\World\Entities\DebugCamera.hpp">
      <Filter>Headerdateien\World\Entities</Filter>
    </ClInclude>
    <ClInclude Include="..\..\src\Game.Main\World\Entities\Components\CameraComponent.hpp">
      <Filter>Headerdateien\World\Entities\Components</Filter>
    </ClInclude>
    <ClInclude Include="..\..\src\Game.Main\Assets\Images\GrassWild01Albedo.hpp">
      <Filter>Headerdateien\Assets\Images</Filter>
    </ClInclude>
    <ClInclude Include="..\..\src\Game.Main\Assets\Images\GrassWild01Normal.hpp">
      <Filter>Headerdateien\Assets\Images</Filter>
    </ClInclude>
    <ClInclude Include="..\..\src\Game.Main\Assets\Images\GrassWild01AO.hpp">
      <Filter>Headerdateien\Assets\Images</Filter>
    </ClInclude>
    <ClInclude Include="..\..\src\Game.Main\Assets\Images\GrassWild01Displacement.hpp">
      <Filter>Headerdateien\Assets\Images</Filter>
    </ClInclude>
    <ClInclude Include="..\..\src\Game.Main\Assets\Images\GrassWild01Roughness.hpp">
      <Filter>Headerdateien\Assets\Images</Filter>
    </ClInclude>
    <ClInclude Include="..\..\src\Game.Main\Assets\Images\GrassWild01Cavity.hpp">
      <Filter>Headerdateien\Assets\Images</Filter>
    </ClInclude>
    <ClInclude Include="..\..\src\Game.Main\Assets\Images\GrassWild01Gloss.hpp">
      <Filter>Headerdateien\Assets\Images</Filter>
    </ClInclude>
    <ClInclude Include="..\..\src\Game.Main\Assets\Images\GrassWild01Specular.hpp">
      <Filter>Headerdateien\Assets\Images</Filter>
    </ClInclude>
    <ClInclude Include="..\..\src\Game.Main\Assets\Textures\GrassWild01Albedo.hpp">
      <Filter>Headerdateien\Assets\Textures</Filter>
    </ClInclude>
    <ClInclude Include="..\..\src\Game.Main\Assets\Textures\GrassWild01AO.hpp">
      <Filter>Headerdateien\Assets\Textures</Filter>
    </ClInclude>
    <ClInclude Include="..\..\src\Game.Main\Assets\Textures\GrassWild01Cavity.hpp">
      <Filter>Headerdateien\Assets\Textures</Filter>
    </ClInclude>
    <ClInclude Include="..\..\src\Game.Main\Assets\Textures\GrassWild01Displacement.hpp">
      <Filter>Headerdateien\Assets\Textures</Filter>
    </ClInclude>
    <ClInclude Include="..\..\src\Game.Main\Assets\Textures\GrassWild01Gloss.hpp">
      <Filter>Headerdateien\Assets\Textures</Filter>
    </ClInclude>
    <ClInclude Include="..\..\src\Game.Main\Assets\Textures\GrassWild01Normal.hpp">
      <Filter>Headerdateien\Assets\Textures</Filter>
    </ClInclude>
    <ClInclude Include="..\..\src\Game.Main\Assets\Textures\GrassWild01Roughness.hpp">
      <Filter>Headerdateien\Assets\Textures</Filter>
    </ClInclude>
    <ClInclude Include="..\..\src\Game.Main\Assets\Textures\GrassWild01Specular.hpp">
      <Filter>Headerdateien\Assets\Textures</Filter>
    </ClInclude>
    <ClInclude Include="..\..\src\Game.Main\Assets\GfxMaterials\GrassWild01.hpp">
      <Filter>Headerdateien\Assets\GfxMaterials</Filter>
    </ClInclude>
    <ClInclude Include="..\..\src\Game.Main\Assets\GfxMaterials\ForestGround01.hpp">
      <Filter>Headerdateien\Assets\GfxMaterials</Filter>
    </ClInclude>
    <ClInclude Include="..\..\src\Game.Main\Assets\Meshes\PlaneD128.hpp">
      <Filter>Headerdateien\Assets\Meshes</Filter>
    </ClInclude>
    <ClInclude Include="..\..\src\Game.Main\World\Actors\EditorCamera.hpp">
      <Filter>Headerdateien\World\Actors</Filter>
    </ClInclude>
    <ClInclude Include="..\..\src\Game.Main\World\Actors\WoodenTable.hpp">
      <Filter>Headerdateien\World\Actors</Filter>
    </ClInclude>
    <ClInclude Include="..\..\src\Game.Main\Assets\Meshes\CubeD1.hpp">
      <Filter>Headerdateien\Assets\Meshes</Filter>
    </ClInclude>
    <ClInclude Include="..\..\src\Game.Main\Assets\Meshes\Sphere.hpp">
      <Filter>Headerdateien\Assets\Meshes</Filter>
    </ClInclude>
    <ClInclude Include="..\..\src\Game.Main\Assets\Meshes\Cylinder.hpp">
      <Filter>Headerdateien\Assets\Meshes</Filter>
    </ClInclude>
    <ClInclude Include="..\..\src\Game.Main\Assets\Images\ForestGround01Diffuse.hpp">
      <Filter>Headerdateien\Assets\Images</Filter>
    </ClInclude>
    <ClInclude Include="..\..\src\Game.Main\Assets\Images\ForestGround01Normal.hpp">
      <Filter>Headerdateien\Assets\Images</Filter>
    </ClInclude>
    <ClInclude Include="..\..\src\Game.Main\Assets\Images\ForestGround01AO.hpp">
      <Filter>Headerdateien\Assets\Images</Filter>
    </ClInclude>
    <ClInclude Include="..\..\src\Game.Main\Assets\Images\ForestGround01Roughness.hpp">
      <Filter>Headerdateien\Assets\Images</Filter>
    </ClInclude>
    <ClInclude Include="..\..\src\Game.Main\Assets\Textures\ForestGround01Diffuse.hpp">
      <Filter>Headerdateien\Assets\Textures</Filter>
    </ClInclude>
    <ClInclude Include="..\..\src\Game.Main\Assets\Textures\ForestGround01Normal.hpp">
      <Filter>Headerdateien\Assets\Textures</Filter>
    </ClInclude>
    <ClInclude Include="..\..\src\Game.Main\Assets\Textures\ForestGround01Roughness.hpp">
      <Filter>Headerdateien\Assets\Textures</Filter>
    </ClInclude>
    <ClInclude Include="..\..\src\Game.Main\Assets\Textures\ForestGround01AO.hpp">
      <Filter>Headerdateien\Assets\Textures</Filter>
    </ClInclude>
    <ClInclude Include="..\..\src\Game.Main\Assets\Textures\DryGroundRocks01Diffuse.hpp">
      <Filter>Headerdateien\Assets\Textures</Filter>
    </ClInclude>
    <ClInclude Include="..\..\src\Game.Main\Assets\Textures\DryGroundRocks01Normal.hpp">
      <Filter>Headerdateien\Assets\Textures</Filter>
    </ClInclude>
    <ClInclude Include="..\..\src\Game.Main\Assets\Textures\DryGroundRocks01AO.hpp">
      <Filter>Headerdateien\Assets\Textures</Filter>
    </ClInclude>
    <ClInclude Include="..\..\src\Game.Main\Assets\Textures\DryGroundRocks01Roughness.hpp">
      <Filter>Headerdateien\Assets\Textures</Filter>
    </ClInclude>
    <ClInclude Include="..\..\src\Game.Main\Assets\Images\DryGroundRocks01AO.hpp">
      <Filter>Headerdateien\Assets\Images</Filter>
    </ClInclude>
    <ClInclude Include="..\..\src\Game.Main\Assets\Images\DryGroundRocks01Diffuse.hpp">
      <Filter>Headerdateien\Assets\Images</Filter>
    </ClInclude>
    <ClInclude Include="..\..\src\Game.Main\Assets\Images\DryGroundRocks01Normal.hpp">
      <Filter>Headerdateien\Assets\Images</Filter>
    </ClInclude>
    <ClInclude Include="..\..\src\Game.Main\Assets\Images\DryGroundRocks01Roughness.hpp">
      <Filter>Headerdateien\Assets\Images</Filter>
    </ClInclude>
    <ClInclude Include="..\..\src\Game.Main\Assets\GfxMaterials\DryGroundRocks01.hpp">
      <Filter>Headerdateien\Assets\GfxMaterials</Filter>
    </ClInclude>
    <ClInclude Include="..\..\src\Game.Main\Assets\Images\Stick01Diffuse.hpp">
      <Filter>Headerdateien\Assets\Images</Filter>
    </ClInclude>
    <ClInclude Include="..\..\src\Game.Main\Assets\Images\Rock01Diffuse.hpp">
      <Filter>Headerdateien\Assets\Images</Filter>
    </ClInclude>
    <ClInclude Include="..\..\src\Game.Main\Assets\Images\Stick01AO.hpp">
      <Filter>Headerdateien\Assets\Images</Filter>
    </ClInclude>
    <ClInclude Include="..\..\src\Game.Main\Assets\Images\Stick01Normal.hpp">
      <Filter>Headerdateien\Assets\Images</Filter>
    </ClInclude>
    <ClInclude Include="..\..\src\Game.Main\Assets\Images\Rock01Normal.hpp">
      <Filter>Headerdateien\Assets\Images</Filter>
    </ClInclude>
    <ClInclude Include="..\..\src\Game.Main\Assets\Images\Rock01Roughness.hpp">
      <Filter>Headerdateien\Assets\Images</Filter>
    </ClInclude>
    <ClInclude Include="..\..\src\Game.Main\Assets\GfxMaterials\Rock01.hpp">
      <Filter>Headerdateien\Assets\GfxMaterials</Filter>
    </ClInclude>
    <ClInclude Include="..\..\src\Game.Main\Assets\GfxMaterials\Stick01.hpp">
      <Filter>Headerdateien\Assets\GfxMaterials</Filter>
    </ClInclude>
    <ClInclude Include="..\..\src\Game.Main\Assets\Textures\Rock01Diffuse.hpp">
      <Filter>Headerdateien\Assets\Textures</Filter>
    </ClInclude>
    <ClInclude Include="..\..\src\Game.Main\Assets\Textures\Rock01Normal.hpp">
      <Filter>Headerdateien\Assets\Textures</Filter>
    </ClInclude>
    <ClInclude Include="..\..\src\Game.Main\Assets\Textures\Rock01Roughness.hpp">
      <Filter>Headerdateien\Assets\Textures</Filter>
    </ClInclude>
    <ClInclude Include="..\..\src\Game.Main\Assets\Textures\Stick01AO.hpp">
      <Filter>Headerdateien\Assets\Textures</Filter>
    </ClInclude>
    <ClInclude Include="..\..\src\Game.Main\Assets\Textures\Stick01Diffuse.hpp">
      <Filter>Headerdateien\Assets\Textures</Filter>
    </ClInclude>
    <ClInclude Include="..\..\src\Game.Main\Assets\Textures\Stick01Normal.hpp">
      <Filter>Headerdateien\Assets\Textures</Filter>
    </ClInclude>
    <ClInclude Include="..\..\src\Game.Main\Assets\Meshes\Rock01.hpp">
      <Filter>Headerdateien\Assets\Meshes</Filter>
    </ClInclude>
    <ClInclude Include="..\..\src\Game.Main\Assets\Meshes\Stick01.hpp">
      <Filter>Headerdateien\Assets\Meshes</Filter>
    </ClInclude>
    <ClInclude Include="..\..\src\Game.Main\Assets\Textures\DefaultAO.hpp">
      <Filter>Headerdateien\Assets\Textures</Filter>
    </ClInclude>
    <ClInclude Include="..\..\src\Game.Main\Assets\Textures\DefaultDiffuse.hpp">
      <Filter>Headerdateien\Assets\Textures</Filter>
    </ClInclude>
    <ClInclude Include="..\..\src\Game.Main\Assets\Textures\DefaultNormal.hpp">
      <Filter>Headerdateien\Assets\Textures</Filter>
    </ClInclude>
    <ClInclude Include="..\..\src\Game.Main\Assets\Textures\DefaultRoughness.hpp">
      <Filter>Headerdateien\Assets\Textures</Filter>
    </ClInclude>
    <ClInclude Include="..\..\src\Game.Main\Assets\Images\DefaultAO.hpp">
      <Filter>Headerdateien\Assets\Images</Filter>
    </ClInclude>
    <ClInclude Include="..\..\src\Game.Main\Assets\Images\DefaultDiffuse.hpp">
      <Filter>Headerdateien\Assets\Images</Filter>
    </ClInclude>
    <ClInclude Include="..\..\src\Game.Main\Assets\Images\DefaultNormal.hpp">
      <Filter>Headerdateien\Assets\Images</Filter>
    </ClInclude>
    <ClInclude Include="..\..\src\Game.Main\Assets\Images\DefaultRoughness.hpp">
      <Filter>Headerdateien\Assets\Images</Filter>
    </ClInclude>
    <ClInclude Include="..\..\src\Game.Main\Assets\GfxMaterials\Dandelion01.hpp">
      <Filter>Headerdateien\Assets\GfxMaterials</Filter>
    </ClInclude>
    <ClInclude Include="..\..\src\Game.Main\Assets\Meshes\Dandelion01.hpp">
      <Filter>Headerdateien\Assets\Meshes</Filter>
    </ClInclude>
    <ClInclude Include="..\..\src\Game.Main\Assets\Textures\Dandelion01Alpha.hpp">
      <Filter>Headerdateien\Assets\Textures</Filter>
    </ClInclude>
    <ClInclude Include="..\..\src\Game.Main\Assets\Textures\Dandelion01Diffuse.hpp">
      <Filter>Headerdateien\Assets\Textures</Filter>
    </ClInclude>
    <ClInclude Include="..\..\src\Game.Main\Assets\Textures\Dandelion01Normal.hpp">
      <Filter>Headerdateien\Assets\Textures</Filter>
    </ClInclude>
    <ClInclude Include="..\..\src\Game.Main\Assets\Textures\Dandelion01Roughness.hpp">
      <Filter>Headerdateien\Assets\Textures</Filter>
    </ClInclude>
    <ClInclude Include="..\..\src\Game.Main\Assets\Images\DefaultAlpha.hpp">
      <Filter>Headerdateien\Assets\Images</Filter>
    </ClInclude>
    <ClInclude Include="..\..\src\Game.Main\Assets\Textures\DefaultAlpha.hpp">
      <Filter>Headerdateien\Assets\Textures</Filter>
    </ClInclude>
    <ClInclude Include="..\..\src\Game.Main\Assets\Meshes\WoodenPier01Planks.hpp">
      <Filter>Headerdateien\Assets\Meshes</Filter>
    </ClInclude>
    <ClInclude Include="..\..\src\Game.Main\Assets\Meshes\WoodenPier01Poles.hpp">
      <Filter>Headerdateien\Assets\Meshes</Filter>
    </ClInclude>
    <ClInclude Include="..\..\src\Game.Main\Assets\GfxMaterials\WoodenPier01Poles.hpp">
      <Filter>Headerdateien\Assets\GfxMaterials</Filter>
    </ClInclude>
    <ClInclude Include="..\..\src\Game.Main\Assets\GfxMaterials\WoodenPier01Planks.hpp">
      <Filter>Headerdateien\Assets\GfxMaterials</Filter>
    </ClInclude>
    <ClInclude Include="..\..\src\Game.Main\Assets\Images\WoodenPier01PolesDiffuse.hpp">
      <Filter>Headerdateien\Assets\Images</Filter>
    </ClInclude>
    <ClInclude Include="..\..\src\Game.Main\Assets\Images\WoodenPier01PlanksDiffuse.hpp">
      <Filter>Headerdateien\Assets\Images</Filter>
    </ClInclude>
    <ClInclude Include="..\..\src\Game.Main\Assets\Textures\WoodenPier01PlanksDiffuse.hpp">
      <Filter>Headerdateien\Assets\Textures</Filter>
    </ClInclude>
    <ClInclude Include="..\..\src\Game.Main\Assets\Textures\WoodenPier01PolesDiffuse.hpp">
      <Filter>Headerdateien\Assets\Textures</Filter>
    </ClInclude>
    <ClInclude Include="..\..\src\Game.Main\Assets\GfxMaterials\WoodenBucket01.hpp">
      <Filter>Headerdateien\Assets\GfxMaterials</Filter>
    </ClInclude>
    <ClInclude Include="..\..\src\Game.Main\Assets\GfxMaterials\WoodenBucket02.hpp">
      <Filter>Headerdateien\Assets\GfxMaterials</Filter>
    </ClInclude>
    <ClInclude Include="..\..\src\Game.Main\Assets\Images\WoodenBucket01Diffuse.hpp">
      <Filter>Headerdateien\Assets\Images</Filter>
    </ClInclude>
    <ClInclude Include="..\..\src\Game.Main\Assets\Images\WoodenBucket01Metalness.hpp">
      <Filter>Headerdateien\Assets\Images</Filter>
    </ClInclude>
    <ClInclude Include="..\..\src\Game.Main\Assets\Images\WoodenBucket01Normal.hpp">
      <Filter>Headerdateien\Assets\Images</Filter>
    </ClInclude>
    <ClInclude Include="..\..\src\Game.Main\Assets\Images\WoodenBucket01Roughness.hpp">
      <Filter>Headerdateien\Assets\Images</Filter>
    </ClInclude>
    <ClInclude Include="..\..\src\Game.Main\Assets\Images\WoodenBucket02Diffuse.hpp">
      <Filter>Headerdateien\Assets\Images</Filter>
    </ClInclude>
    <ClInclude Include="..\..\src\Game.Main\Assets\Images\WoodenBucket02Metalness.hpp">
      <Filter>Headerdateien\Assets\Images</Filter>
    </ClInclude>
    <ClInclude Include="..\..\src\Game.Main\Assets\Images\WoodenBucket02Normal.hpp">
      <Filter>Headerdateien\Assets\Images</Filter>
    </ClInclude>
    <ClInclude Include="..\..\src\Game.Main\Assets\Images\WoodenBucket02Roughness.hpp">
      <Filter>Headerdateien\Assets\Images</Filter>
    </ClInclude>
    <ClInclude Include="..\..\src\Game.Main\Assets\Meshes\WoodenBucket01.hpp">
      <Filter>Headerdateien\Assets\Meshes</Filter>
    </ClInclude>
    <ClInclude Include="..\..\src\Game.Main\Assets\Meshes\WoodenBucket02.hpp">
      <Filter>Headerdateien\Assets\Meshes</Filter>
    </ClInclude>
    <ClInclude Include="..\..\src\Game.Main\Assets\Textures\WoodenBucket01Diffuse.hpp">
      <Filter>Headerdateien\Assets\Textures</Filter>
    </ClInclude>
    <ClInclude Include="..\..\src\Game.Main\Assets\Textures\WoodenBucket01Normal.hpp">
      <Filter>Headerdateien\Assets\Textures</Filter>
    </ClInclude>
    <ClInclude Include="..\..\src\Game.Main\Assets\Textures\WoodenBucket01Roughness.hpp">
      <Filter>Headerdateien\Assets\Textures</Filter>
    </ClInclude>
    <ClInclude Include="..\..\src\Game.Main\Assets\Textures\WoodenBucket01Metalness.hpp">
      <Filter>Headerdateien\Assets\Textures</Filter>
    </ClInclude>
    <ClInclude Include="..\..\src\Game.Main\Assets\Textures\WoodenBucket02Diffuse.hpp">
      <Filter>Headerdateien\Assets\Textures</Filter>
    </ClInclude>
    <ClInclude Include="..\..\src\Game.Main\Assets\Textures\WoodenBucket02Metalness.hpp">
      <Filter>Headerdateien\Assets\Textures</Filter>
    </ClInclude>
    <ClInclude Include="..\..\src\Game.Main\Assets\Textures\WoodenBucket02Normal.hpp">
      <Filter>Headerdateien\Assets\Textures</Filter>
    </ClInclude>
    <ClInclude Include="..\..\src\Game.Main\Assets\Textures\WoodenBucket02Roughness.hpp">
      <Filter>Headerdateien\Assets\Textures</Filter>
    </ClInclude>
    <ClInclude Include="..\..\src\Game.Main\Assets\Images\WoodenPier01PlanksNormal.hpp">
      <Filter>Headerdateien\Assets\Images</Filter>
    </ClInclude>
    <ClInclude Include="..\..\src\Game.Main\Assets\Images\WoodenPier01PolesNormal.hpp">
      <Filter>Headerdateien\Assets\Images</Filter>
    </ClInclude>
    <ClInclude Include="..\..\src\Game.Main\Assets\Textures\WoodenPier01PlanksNormal.hpp">
      <Filter>Headerdateien\Assets\Textures</Filter>
    </ClInclude>
    <ClInclude Include="..\..\src\Game.Main\Assets\Textures\WoodenPier01PolesNormal.hpp">
      <Filter>Headerdateien\Assets\Textures</Filter>
    </ClInclude>
    <ClInclude Include="..\..\src\Game.Main\Assets\Textures\DefaultMetalness.hpp">
      <Filter>Headerdateien\Assets\Textures</Filter>
    </ClInclude>
    <ClInclude Include="..\..\src\Game.Main\Assets\Images\DefaultMetalness.hpp">
      <Filter>Headerdateien\Assets\Images</Filter>
    </ClInclude>
    <ClInclude Include="..\..\src\Game.Main\Assets\Images\WoodenPier01PlanksRoughness.hpp">
      <Filter>Headerdateien\Assets\Images</Filter>
    </ClInclude>
    <ClInclude Include="..\..\src\Game.Main\Assets\Images\WoodenPier01PolesRoughness.hpp">
      <Filter>Headerdateien\Assets\Images</Filter>
    </ClInclude>
    <ClInclude Include="..\..\src\Game.Main\Assets\Textures\WoodenPier01PlanksRoughness.hpp">
      <Filter>Headerdateien\Assets\Textures</Filter>
    </ClInclude>
    <ClInclude Include="..\..\src\Game.Main\Assets\Textures\WoodenPier01PolesRoughness.hpp">
      <Filter>Headerdateien\Assets\Textures</Filter>
    </ClInclude>
    <ClInclude Include="..\..\src\Game.Main\Assets\GfxMaterials\Cannon01.hpp">
      <Filter>Headerdateien\Assets\GfxMaterials</Filter>
    </ClInclude>
    <ClInclude Include="..\..\src\Game.Main\Assets\Images\Cannon01Diffuse.hpp">
      <Filter>Headerdateien\Assets\Images</Filter>
    </ClInclude>
    <ClInclude Include="..\..\src\Game.Main\Assets\Images\Cannon01Normal.hpp">
      <Filter>Headerdateien\Assets\Images</Filter>
    </ClInclude>
    <ClInclude Include="..\..\src\Game.Main\Assets\Images\Cannon01Roughness.hpp">
      <Filter>Headerdateien\Assets\Images</Filter>
    </ClInclude>
    <ClInclude Include="..\..\src\Game.Main\Assets\Images\Cannon01Metalness.hpp">
      <Filter>Headerdateien\Assets\Images</Filter>
    </ClInclude>
    <ClInclude Include="..\..\src\Game.Main\Assets\Meshes\Cannon01.hpp">
      <Filter>Headerdateien\Assets\Meshes</Filter>
    </ClInclude>
    <ClInclude Include="..\..\src\Game.Main\Assets\Textures\Cannon01Diffuse.hpp">
      <Filter>Headerdateien\Assets\Textures</Filter>
    </ClInclude>
    <ClInclude Include="..\..\src\Game.Main\Assets\Textures\Cannon01Normal.hpp">
      <Filter>Headerdateien\Assets\Textures</Filter>
    </ClInclude>
    <ClInclude Include="..\..\src\Game.Main\Assets\Textures\Cannon01Roughness.hpp">
      <Filter>Headerdateien\Assets\Textures</Filter>
    </ClInclude>
    <ClInclude Include="..\..\src\Game.Main\Assets\Textures\Cannon01Metalness.hpp">
      <Filter>Headerdateien\Assets\Textures</Filter>
    </ClInclude>
    <ClInclude Include="..\..\src\Game.Main\Assets\Images\CerberusDiffuse.hpp">
      <Filter>Headerdateien\Assets\Images</Filter>
    </ClInclude>
    <ClInclude Include="..\..\src\Game.Main\Assets\Images\CerberusMetalness.hpp">
      <Filter>Headerdateien\Assets\Images</Filter>
    </ClInclude>
    <ClInclude Include="..\..\src\Game.Main\Assets\Images\CerberusRoughness.hpp">
      <Filter>Headerdateien\Assets\Images</Filter>
    </ClInclude>
    <ClInclude Include="..\..\src\Game.Main\Assets\Images\CerberusAO.hpp">
      <Filter>Headerdateien\Assets\Images</Filter>
    </ClInclude>
    <ClInclude Include="..\..\src\Game.Main\Assets\Images\CerberusNormal.hpp">
      <Filter>Headerdateien\Assets\Images</Filter>
    </ClInclude>
    <ClInclude Include="..\..\src\Game.Main\Assets\Textures\CerberusDiffuse.hpp">
      <Filter>Headerdateien\Assets\Textures</Filter>
    </ClInclude>
    <ClInclude Include="..\..\src\Game.Main\Assets\Textures\CerberusAO.hpp">
      <Filter>Headerdateien\Assets\Textures</Filter>
    </ClInclude>
    <ClInclude Include="..\..\src\Game.Main\Assets\Textures\CerberusNormal.hpp">
      <Filter>Headerdateien\Assets\Textures</Filter>
    </ClInclude>
    <ClInclude Include="..\..\src\Game.Main\Assets\Textures\CerberusRoughness.hpp">
      <Filter>Headerdateien\Assets\Textures</Filter>
    </ClInclude>
    <ClInclude Include="..\..\src\Game.Main\Assets\Textures\CerberusMetalness.hpp">
      <Filter>Headerdateien\Assets\Textures</Filter>
    </ClInclude>
    <ClInclude Include="..\..\src\Game.Main\Assets\Meshes\Cerberus.hpp">
      <Filter>Headerdateien\Assets\Meshes</Filter>
    </ClInclude>
    <ClInclude Include="..\..\src\Game.Main\Assets\GfxMaterials\Cerberus.hpp">
      <Filter>Headerdateien\Assets\GfxMaterials</Filter>
    </ClInclude>
  </ItemGroup>
  <ItemGroup>
    <None Include="..\..\resources\shader\compile_shaders.cmd">
      <Filter>Ressourcendateien\Shader</Filter>
    </None>
    <None Include="..\..\resources\shader\sky.vs">
      <Filter>Ressourcendateien\Shader</Filter>
    </None>
    <None Include="..\..\resources\shader\gui.vs">
      <Filter>Ressourcendateien\Shader</Filter>
    </None>
    <None Include="..\..\resources\shader\link.vs">
      <Filter>Ressourcendateien\Shader</Filter>
    </None>
    <None Include="..\..\resources\shader\obj.vs">
      <Filter>Ressourcendateien\Shader</Filter>
    </None>
    <None Include="..\..\resources\shader\terra.vs">
      <Filter>Ressourcendateien\Shader</Filter>
    </None>
    <None Include="..\..\resources\shader\light.directional.glsl">
      <Filter>Ressourcendateien\Shader</Filter>
    </None>
    <None Include="light.spotlight.glsl">
      <Filter>Ressourcendateien\Shader</Filter>
    </None>
    <None Include="..\..\resources\shader\depthpass.frag.spv">
      <Filter>Ressourcendateien\Shader</Filter>
    </None>
    <None Include="..\..\resources\shader\depthpass_static.vs">
      <Filter>Ressourcendateien\Shader</Filter>
    </None>
    <None Include="..\..\resources\shader\depthpass_static.vert.spv">
      <Filter>Ressourcendateien\Shader</Filter>
    </None>
    <None Include="..\..\resources\shader\depthpass_skeletal.vs">
      <Filter>Ressourcendateien\Shader</Filter>
    </None>
    <None Include="..\..\resources\shader\depthpass_skeletal.vert.spv">
      <Filter>Ressourcendateien\Shader</Filter>
    </None>
    <None Include="..\..\resources\shader\finalpass.vs">
      <Filter>Ressourcendateien\Shader</Filter>
    </None>
    <None Include="..\..\resources\shader\finalpass.frag.spv">
      <Filter>Ressourcendateien\Shader</Filter>
    </None>
    <None Include="..\..\resources\shader\finalpass.vert.spv">
      <Filter>Ressourcendateien\Shader</Filter>
    </None>
    <None Include="..\..\resources\shader\depthpass_static.frag.spv">
      <Filter>Ressourcendateien\Shader</Filter>
    </None>
    <None Include="..\..\resources\shader\depthpass_skeletal.frag.spv">
      <Filter>Ressourcendateien\Shader</Filter>
    </None>
    <None Include="..\..\resources\shader\mainpass_static.vs">
      <Filter>Ressourcendateien\Shader</Filter>
    </None>
    <None Include="..\..\resources\shader\mainpass_static.frag.spv">
      <Filter>Ressourcendateien\Shader</Filter>
    </None>
    <None Include="..\..\resources\shader\mainpass_static.vert.spv">
      <Filter>Ressourcendateien\Shader</Filter>
    </None>
    <None Include="..\..\resources\shader\mainpass_sky.frag.spv">
      <Filter>Ressourcendateien\Shader</Filter>
    </None>
    <None Include="..\..\resources\shader\mainpass_sky.vert.spv">
      <Filter>Ressourcendateien\Shader</Filter>
    </None>
    <None Include="..\..\resources\shader\mainpass_sky.vs">
      <Filter>Ressourcendateien\Shader</Filter>
    </None>
    <None Include="..\..\resources\shader\earlypass_sf.cps">
      <Filter>Ressourcendateien\Shader</Filter>
    </None>
    <None Include="..\..\resources\shader\earlypass_sf.comp.spv">
      <Filter>Ressourcendateien\Shader</Filter>
    </None>
    <None Include="..\..\resources\shader\depthpass_static.frag">
      <Filter>Ressourcendateien\Shader</Filter>
    </None>
    <None Include="..\..\resources\shader\depthpass.frag">
      <Filter>Ressourcendateien\Shader</Filter>
    </None>
    <None Include="..\..\resources\shader\depthpass_skeletal.frag">
      <Filter>Ressourcendateien\Shader</Filter>
    </None>
    <None Include="..\..\resources\shader\finalpass.frag">
      <Filter>Ressourcendateien\Shader</Filter>
    </None>
    <None Include="..\..\resources\shader\gui.frag">
      <Filter>Ressourcendateien\Shader</Filter>
    </None>
    <None Include="..\..\resources\shader\gui.frag.spv">
      <Filter>Ressourcendateien\Shader</Filter>
    </None>
    <None Include="..\..\resources\shader\gui.vert.spv">
      <Filter>Ressourcendateien\Shader</Filter>
    </None>
    <None Include="..\..\resources\shader\link.frag">
      <Filter>Ressourcendateien\Shader</Filter>
    </None>
    <None Include="..\..\resources\shader\link.frag.spv">
      <Filter>Ressourcendateien\Shader</Filter>
    </None>
    <None Include="..\..\resources\shader\link.vert.spv">
      <Filter>Ressourcendateien\Shader</Filter>
    </None>
    <None Include="..\..\resources\shader\mainpass_sky.frag">
      <Filter>Ressourcendateien\Shader</Filter>
    </None>
    <None Include="..\..\resources\shader\mainpass_static.frag">
      <Filter>Ressourcendateien\Shader</Filter>
    </None>
    <None Include="..\..\resources\shader\obj.frag">
      <Filter>Ressourcendateien\Shader</Filter>
    </None>
    <None Include="..\..\resources\shader\obj.frag.spv">
      <Filter>Ressourcendateien\Shader</Filter>
    </None>
    <None Include="..\..\resources\shader\obj.vert.spv">
      <Filter>Ressourcendateien\Shader</Filter>
    </None>
    <None Include="..\..\resources\shader\sky.frag">
      <Filter>Ressourcendateien\Shader</Filter>
    </None>
    <None Include="..\..\resources\shader\sky.frag.spv">
      <Filter>Ressourcendateien\Shader</Filter>
    </None>
    <None Include="..\..\resources\shader\sky.vert.spv">
      <Filter>Ressourcendateien\Shader</Filter>
    </None>
    <None Include="..\..\resources\shader\terra.frag">
      <Filter>Ressourcendateien\Shader</Filter>
    </None>
    <None Include="..\..\resources\shader\terra.frag.spv">
      <Filter>Ressourcendateien\Shader</Filter>
    </None>
    <None Include="..\..\resources\shader\terra.vert.spv">
      <Filter>Ressourcendateien\Shader</Filter>
    </None>
    <None Include="..\..\resources\shader\brdfLut.gen.vs">
      <Filter>Ressourcendateien\Shader</Filter>
    </None>
    <None Include="..\..\resources\shader\brdfLut.gen.frag">
      <Filter>Ressourcendateien\Shader</Filter>
    </None>
    <None Include="..\..\resources\shader\brdfLut.gen.vert.spv">
      <Filter>Ressourcendateien\Shader</Filter>
    </None>
    <None Include="..\..\resources\shader\brdfLut.gen.frag.spv">
      <Filter>Ressourcendateien\Shader</Filter>
    </None>
    <None Include="..\..\resources\shader\envIrrad.gen.vs">
      <Filter>Ressourcendateien\Shader</Filter>
    </None>
    <None Include="..\..\resources\shader\envIrrad.gen.frag">
      <Filter>Ressourcendateien\Shader</Filter>
    </None>
    <None Include="..\..\resources\shader\envPrefilter.gen.frag">
      <Filter>Ressourcendateien\Shader</Filter>
    </None>
    <None Include="..\..\resources\shader\envPrefilter.gen.frag.spv">
      <Filter>Ressourcendateien\Shader</Filter>
    </None>
    <None Include="..\..\resources\shader\envPrefilter.gen.vert.spv">
      <Filter>Ressourcendateien\Shader</Filter>
    </None>
    <None Include="..\..\resources\shader\envPrefilter.gen.vs">
      <Filter>Ressourcendateien\Shader</Filter>
    </None>
  </ItemGroup>
</Project>