<?xml version="1.0" encoding="utf-8"?>
<Project ToolsVersion="4.0" xmlns="http://schemas.microsoft.com/developer/msbuild/2003">
  <ItemGroup>
    <Filter Include="Quelldateien">
      <UniqueIdentifier>{4FC737F1-C7A5-4376-A066-2A32D752A2FF}</UniqueIdentifier>
      <Extensions>cpp;c;cc;cxx;c++;cppm;ixx;def;odl;idl;hpj;bat;asm;asmx</Extensions>
    </Filter>
    <Filter Include="Headerdateien">
      <UniqueIdentifier>{93995380-89BD-4b04-88EB-625FBE52EBFB}</UniqueIdentifier>
      <Extensions>h;hh;hpp;hxx;h++;hm;inl;inc;ipp;xsd</Extensions>
    </Filter>
    <Filter Include="Ressourcendateien">
      <UniqueIdentifier>{67DA6AB6-F800-4c08-8B7A-83BB121AAD01}</UniqueIdentifier>
      <Extensions>rc;ico;cur;bmp;dlg;rc2;rct;bin;rgs;gif;jpg;jpeg;jpe;resx;tiff;tif;png;wav;mfcribbon-ms</Extensions>
    </Filter>
    <Filter Include="Headerdateien\Buffer">
      <UniqueIdentifier>{8a585315-9e2b-4649-9a90-7be5703a3708}</UniqueIdentifier>
    </Filter>
    <Filter Include="Headerdateien\Color">
      <UniqueIdentifier>{f7e77427-8c7d-45f2-a539-4cde11cf50f0}</UniqueIdentifier>
    </Filter>
    <Filter Include="Headerdateien\Geometry">
      <UniqueIdentifier>{96bd00ef-35de-42b2-acbc-33df681168fa}</UniqueIdentifier>
    </Filter>
    <Filter Include="Headerdateien\Library">
      <UniqueIdentifier>{8c32f7ed-07ae-47e0-b2d9-c570f9eab5b3}</UniqueIdentifier>
    </Filter>
    <Filter Include="Headerdateien\Skybox">
      <UniqueIdentifier>{e5100701-7526-4012-84d9-8e2c47c484b7}</UniqueIdentifier>
    </Filter>
    <Filter Include="Headerdateien\Texture">
      <UniqueIdentifier>{d027d163-1b6f-4fa0-881a-7a8a5f406b25}</UniqueIdentifier>
    </Filter>
    <Filter Include="Quelldateien\Skybox">
      <UniqueIdentifier>{d2ae031a-11a5-43cf-acae-3539f6b39dec}</UniqueIdentifier>
    </Filter>
    <Filter Include="Headerdateien\Application">
      <UniqueIdentifier>{6fc896d9-81f1-4a5b-912b-b2bae5b31792}</UniqueIdentifier>
    </Filter>
    <Filter Include="Quelldateien\Application">
      <UniqueIdentifier>{edaa601f-ff93-451f-a655-22097e4f3028}</UniqueIdentifier>
    </Filter>
    <Filter Include="Headerdateien\Surface">
      <UniqueIdentifier>{971f3a2c-016e-4013-80af-76db1fe94376}</UniqueIdentifier>
    </Filter>
    <Filter Include="Quelldateien\Surface">
      <UniqueIdentifier>{ba9a03f3-4ca4-49f6-bbe0-e5ab995668e7}</UniqueIdentifier>
    </Filter>
    <Filter Include="Headerdateien\Swapchain">
      <UniqueIdentifier>{9b0a088f-02dc-4245-ae03-651a26a72dd6}</UniqueIdentifier>
    </Filter>
    <Filter Include="Quelldateien\Swapchain">
      <UniqueIdentifier>{90786307-4c72-44f2-8dd5-baa6fc285e3f}</UniqueIdentifier>
    </Filter>
    <Filter Include="Headerdateien\Device">
      <UniqueIdentifier>{c2be014c-507c-448e-8e48-404d7a586bfe}</UniqueIdentifier>
    </Filter>
    <Filter Include="Quelldateien\Device">
      <UniqueIdentifier>{89142d85-5d9c-4ee6-a609-e5c5bf3019a6}</UniqueIdentifier>
    </Filter>
    <Filter Include="Quelldateien\Color">
      <UniqueIdentifier>{eee60cbc-cd9e-44a8-a224-5a0a304b055a}</UniqueIdentifier>
    </Filter>
    <Filter Include="Quelldateien\Texture">
      <UniqueIdentifier>{1f570538-2014-4ad6-bf1c-104d8e1b1708}</UniqueIdentifier>
    </Filter>
    <Filter Include="Headerdateien\Light">
      <UniqueIdentifier>{d244fa4a-177d-4c78-9c4d-29dbb7318bb5}</UniqueIdentifier>
    </Filter>
    <Filter Include="Quelldateien\Camera">
      <UniqueIdentifier>{092bd610-1a15-4791-bd79-0a41ab4bca13}</UniqueIdentifier>
    </Filter>
    <Filter Include="Headerdateien\Framebuffer">
      <UniqueIdentifier>{e953bfe0-37fa-4b62-b4ff-e1a47a7b79a7}</UniqueIdentifier>
    </Filter>
    <Filter Include="Headerdateien\Command">
      <UniqueIdentifier>{b67beffb-4369-42dd-91de-96112a489f36}</UniqueIdentifier>
    </Filter>
    <Filter Include="Quelldateien\Command">
      <UniqueIdentifier>{e3d83973-1986-4072-9865-9730eb78bb88}</UniqueIdentifier>
    </Filter>
    <Filter Include="Headerdateien\Generator">
      <UniqueIdentifier>{358db5bb-9759-4632-b014-4c6682f026c6}</UniqueIdentifier>
    </Filter>
    <Filter Include="Quelldateien\Generator">
      <UniqueIdentifier>{6dff6c67-7ebb-4efb-afa6-3e7431d5a625}</UniqueIdentifier>
    </Filter>
    <Filter Include="Quelldateien\Framebuffer">
      <UniqueIdentifier>{d64314e4-5d65-47b7-89d3-5c05fcf3d19a}</UniqueIdentifier>
    </Filter>
    <Filter Include="Quelldateien\Geometry">
      <UniqueIdentifier>{0bc5e57f-9991-4bde-8e95-059b49172e20}</UniqueIdentifier>
    </Filter>
    <Filter Include="Headerdateien\API">
      <UniqueIdentifier>{714b8ab6-4b81-4ab3-b1d4-d1871a3ba761}</UniqueIdentifier>
    </Filter>
    <Filter Include="Quelldateien\API">
      <UniqueIdentifier>{1826aadb-1472-4854-aa2e-be13b39e0c1d}</UniqueIdentifier>
    </Filter>
    <Filter Include="Headerdateien\Camera">
      <UniqueIdentifier>{cf44672c-d597-4552-b738-275d4fd46bd0}</UniqueIdentifier>
    </Filter>
    <Filter Include="Headerdateien\Scene">
      <UniqueIdentifier>{27d4be3c-23a0-448b-a799-0adea3cbe60b}</UniqueIdentifier>
    </Filter>
    <Filter Include="Quelldateien\Scene">
      <UniqueIdentifier>{aa4814d5-61de-446f-a2b8-6abd2cd6d35e}</UniqueIdentifier>
    </Filter>
    <Filter Include="Headerdateien\Importer">
      <UniqueIdentifier>{91a073d2-e12b-4c75-8e06-b29e9994cfd6}</UniqueIdentifier>
    </Filter>
    <Filter Include="Headerdateien\Memory">
      <UniqueIdentifier>{b6d00e38-3bbf-4938-8670-2a1ff0ce0cb3}</UniqueIdentifier>
    </Filter>
    <Filter Include="Quelldateien\Memory">
      <UniqueIdentifier>{cfb16b24-edaf-47ea-8498-028cf04bcddc}</UniqueIdentifier>
    </Filter>
    <Filter Include="Quelldateien\Buffer">
      <UniqueIdentifier>{5b815bb9-5634-4f24-b243-ecd2ea6ba842}</UniqueIdentifier>
    </Filter>
    <Filter Include="Headerdateien\GraphicPass">
      <UniqueIdentifier>{b2194bdc-c2a0-40df-97b9-257f7373a361}</UniqueIdentifier>
    </Filter>
    <Filter Include="Quelldateien\GraphicPass">
      <UniqueIdentifier>{371545e6-bdda-4a6a-a3c7-4b2839288356}</UniqueIdentifier>
    </Filter>
    <Filter Include="Headerdateien\Cache">
      <UniqueIdentifier>{4c1dd85c-54dc-4722-a75d-ca1680cf85bf}</UniqueIdentifier>
    </Filter>
    <Filter Include="Quelldateien\Cache">
      <UniqueIdentifier>{6f24cd1e-03b6-4b9b-8801-33c3add2403e}</UniqueIdentifier>
    </Filter>
    <Filter Include="Quelldateien\Importer">
      <UniqueIdentifier>{aff54484-1f05-4ac8-a451-0d191109256b}</UniqueIdentifier>
    </Filter>
    <Filter Include="Headerdateien\Pool">
      <UniqueIdentifier>{04b591c2-35d0-4347-ad12-777dabc7a1dd}</UniqueIdentifier>
    </Filter>
    <Filter Include="Quelldateien\Pool">
      <UniqueIdentifier>{7f1a152b-e5ac-45ac-aa83-b66244863ef3}</UniqueIdentifier>
    </Filter>
  </ItemGroup>
  <ItemGroup>
    <ClInclude Include="..\..\src\Engine.GFX\Inc.hpp">
      <Filter>Headerdateien</Filter>
    </ClInclude>
    <ClInclude Include="..\..\src\Engine.GFX\vkinc.hpp">
      <Filter>Headerdateien</Filter>
    </ClInclude>
    <ClInclude Include="..\..\src\Engine.GFX\Buffer\Buffer.hpp">
      <Filter>Headerdateien\Buffer</Filter>
    </ClInclude>
    <ClInclude Include="..\..\src\Engine.GFX\Color\Color.hpp">
      <Filter>Headerdateien\Color</Filter>
    </ClInclude>
    <ClInclude Include="..\..\src\Engine.GFX\Geometry\Cube.hpp">
      <Filter>Headerdateien\Geometry</Filter>
    </ClInclude>
    <ClInclude Include="..\..\src\Engine.GFX\Geometry\Geometry.hpp">
      <Filter>Headerdateien\Geometry</Filter>
    </ClInclude>
    <ClInclude Include="..\..\src\Engine.GFX\Geometry\Plane.hpp">
      <Filter>Headerdateien\Geometry</Filter>
    </ClInclude>
    <ClInclude Include="..\..\src\Engine.GFX\Geometry\PolygonMesh.hpp">
      <Filter>Headerdateien\Geometry</Filter>
    </ClInclude>
    <ClInclude Include="..\..\src\Engine.GFX\Geometry\Sphere.hpp">
      <Filter>Headerdateien\Geometry</Filter>
    </ClInclude>
    <ClInclude Include="..\..\src\Engine.GFX\Library\ObjStagedBuffer.hpp">
      <Filter>Headerdateien\Library</Filter>
    </ClInclude>
    <ClInclude Include="..\..\src\Engine.GFX\Library\Quad.hpp">
      <Filter>Headerdateien\Library</Filter>
    </ClInclude>
    <ClInclude Include="..\..\src\Engine.GFX\Library\RenderCache.hpp">
      <Filter>Headerdateien\Library</Filter>
    </ClInclude>
    <ClInclude Include="..\..\src\Engine.GFX\Library\RenderObject.hpp">
      <Filter>Headerdateien\Library</Filter>
    </ClInclude>
    <ClInclude Include="..\..\src\Engine.GFX\Library\Types.hpp">
      <Filter>Headerdateien\Library</Filter>
    </ClInclude>
    <ClInclude Include="..\..\src\Engine.GFX\Texture\Texture.hpp">
      <Filter>Headerdateien\Texture</Filter>
    </ClInclude>
    <ClInclude Include="..\..\src\Engine.GFX\Skybox\Skybox.hpp">
      <Filter>Headerdateien\Skybox</Filter>
    </ClInclude>
    <ClInclude Include="..\..\src\Engine.GFX\Graphics.hpp">
      <Filter>Headerdateien</Filter>
    </ClInclude>
    <ClInclude Include="..\..\src\Engine.GFX\Application\Application.hpp">
      <Filter>Headerdateien\Application</Filter>
    </ClInclude>
    <ClInclude Include="..\..\src\Engine.GFX\Surface\Surface.hpp">
      <Filter>Headerdateien\Surface</Filter>
    </ClInclude>
    <ClInclude Include="..\..\src\Engine.GFX\Swapchain\Swapchain.hpp">
      <Filter>Headerdateien\Swapchain</Filter>
    </ClInclude>
    <ClInclude Include="..\..\src\Engine.GFX\Device\Device.hpp">
      <Filter>Headerdateien\Device</Filter>
    </ClInclude>
    <ClInclude Include="..\..\src\Engine.GFX\__macro.hpp">
      <Filter>Headerdateien</Filter>
    </ClInclude>
    <ClInclude Include="..\..\src\Engine.GFX\Light\Light.hpp">
      <Filter>Headerdateien\Light</Filter>
    </ClInclude>
    <ClInclude Include="..\..\src\Engine.GFX\Geometry\Vertex.hpp">
      <Filter>Headerdateien\Geometry</Filter>
    </ClInclude>
    <ClInclude Include="..\..\src\Engine.GFX\Texture\VirtualTexture.hpp">
      <Filter>Headerdateien\Texture</Filter>
    </ClInclude>
    <ClInclude Include="..\..\src\Engine.GFX\Texture\Utility.hpp">
      <Filter>Headerdateien\Texture</Filter>
    </ClInclude>
    <ClInclude Include="..\..\src\Engine.GFX\Texture\TextureBuffer.hpp">
      <Filter>Headerdateien\Texture</Filter>
    </ClInclude>
    <ClInclude Include="..\..\src\Engine.GFX\Framebuffer\Framebuffer.hpp">
      <Filter>Headerdateien\Framebuffer</Filter>
    </ClInclude>
    <ClInclude Include="..\..\src\Engine.GFX\Command\CommandQueue.hpp">
      <Filter>Headerdateien\Command</Filter>
    </ClInclude>
    <ClInclude Include="..\..\src\Engine.GFX\Command\CommandBatch.hpp">
      <Filter>Headerdateien\Command</Filter>
    </ClInclude>
    <ClInclude Include="..\..\src\Engine.GFX\Command\CommandBuffer.hpp">
      <Filter>Headerdateien\Command</Filter>
    </ClInclude>
    <ClInclude Include="..\..\src\Engine.GFX\Command\CommandPool.hpp">
      <Filter>Headerdateien\Command</Filter>
    </ClInclude>
    <ClInclude Include="..\..\src\Engine.GFX\Generator\MipMap.hpp">
      <Filter>Headerdateien\Generator</Filter>
    </ClInclude>
    <ClInclude Include="..\..\src\Engine.GFX\Viewport.hpp">
      <Filter>Headerdateien</Filter>
    </ClInclude>
    <ClInclude Include="..\..\src\Engine.GFX\Texture\TextureFactory.hpp">
      <Filter>Headerdateien\Texture</Filter>
    </ClInclude>
    <ClInclude Include="..\..\src\Engine.GFX\Texture\VkTextureFactory.hpp">
      <Filter>Headerdateien\Texture</Filter>
    </ClInclude>
    <ClInclude Include="..\..\src\Engine.GFX\ModelState.hpp">
      <Filter>Headerdateien</Filter>
    </ClInclude>
    <ClInclude Include="..\..\src\Engine.GFX\TextureFormat.hpp">
      <Filter>Headerdateien</Filter>
    </ClInclude>
    <ClInclude Include="..\..\src\Engine.GFX\Texture\TextureType.hpp">
      <Filter>Headerdateien\Texture</Filter>
    </ClInclude>
    <ClInclude Include="..\..\src\Engine.GFX\MeshPipeline.hpp">
      <Filter>Headerdateien</Filter>
    </ClInclude>
    <ClInclude Include="..\..\src\Engine.GFX\RayTracePipeline.hpp">
      <Filter>Headerdateien</Filter>
    </ClInclude>
    <ClInclude Include="..\..\src\Engine.GFX\PrimitiveTopology.hpp">
      <Filter>Headerdateien</Filter>
    </ClInclude>
    <ClInclude Include="..\..\src\Engine.GFX\InputRate.hpp">
      <Filter>Headerdateien</Filter>
    </ClInclude>
    <ClInclude Include="..\..\src\Engine.GFX\InputAttribute.hpp">
      <Filter>Headerdateien</Filter>
    </ClInclude>
    <ClInclude Include="..\..\src\Engine.GFX\RasterCullFace.hpp">
      <Filter>Headerdateien</Filter>
    </ClInclude>
    <ClInclude Include="..\..\src\Engine.GFX\RasterSamples.hpp">
      <Filter>Headerdateien</Filter>
    </ClInclude>
    <ClInclude Include="..\..\src\Engine.GFX\RasterPolyMode.hpp">
      <Filter>Headerdateien</Filter>
    </ClInclude>
    <ClInclude Include="..\..\src\Engine.GFX\RasterPolyFront.hpp">
      <Filter>Headerdateien</Filter>
    </ClInclude>
    <ClInclude Include="..\..\src\Engine.GFX\API\VkTranslate.hpp">
      <Filter>Headerdateien\API</Filter>
    </ClInclude>
    <ClInclude Include="..\..\src\Engine.GFX\Camera\CameraFrustum.hpp">
      <Filter>Headerdateien\Camera</Filter>
    </ClInclude>
    <ClInclude Include="..\..\src\Engine.GFX\Texture\TextureSampler.hpp">
      <Filter>Headerdateien\Texture</Filter>
    </ClInclude>
    <ClInclude Include="..\..\src\Engine.GFX\Geometry\Mesh.hpp">
      <Filter>Headerdateien\Geometry</Filter>
    </ClInclude>
    <ClInclude Include="..\..\src\Engine.GFX\Geometry\SubdivisionMesh.hpp">
      <Filter>Headerdateien\Geometry</Filter>
    </ClInclude>
    <ClInclude Include="..\..\src\Engine.GFX\Importer\ImageImporter.hpp">
      <Filter>Headerdateien\Importer</Filter>
    </ClInclude>
    <ClInclude Include="..\..\src\Engine.GFX\Importer\ModelImporter.hpp">
      <Filter>Headerdateien\Importer</Filter>
    </ClInclude>
    <ClInclude Include="..\..\src\Engine.GFX\Scene\SceneTag.hpp">
      <Filter>Headerdateien\Scene</Filter>
    </ClInclude>
    <ClInclude Include="..\..\src\Engine.GFX\Scene\SkeletalGeometryModel.hpp">
      <Filter>Headerdateien\Scene</Filter>
    </ClInclude>
    <ClInclude Include="..\..\src\Engine.GFX\Scene\LandscapeGeometryModel.hpp">
      <Filter>Headerdateien\Scene</Filter>
    </ClInclude>
    <ClInclude Include="..\..\src\Engine.GFX\Memory\VirtualMemory.hpp">
      <Filter>Headerdateien\Memory</Filter>
    </ClInclude>
    <ClInclude Include="..\..\src\Engine.GFX\Memory\VirtualMemoryPage.hpp">
      <Filter>Headerdateien\Memory</Filter>
    </ClInclude>
    <ClInclude Include="..\..\src\Engine.GFX\Memory\VirtualMemoryPageState.hpp">
      <Filter>Headerdateien\Memory</Filter>
    </ClInclude>
    <ClInclude Include="..\..\src\Engine.GFX\Memory\MemoryProperty.hpp">
      <Filter>Headerdateien\Memory</Filter>
    </ClInclude>
    <ClInclude Include="..\..\src\Engine.GFX\Memory\AllocatedMemory.hpp">
      <Filter>Headerdateien\Memory</Filter>
    </ClInclude>
    <ClInclude Include="..\..\src\Engine.GFX\Memory\MemoryMapping.hpp">
      <Filter>Headerdateien\Memory</Filter>
    </ClInclude>
    <ClInclude Include="..\..\src\Engine.GFX\Memory\Allocator.hpp">
      <Filter>Headerdateien\Memory</Filter>
    </ClInclude>
    <ClInclude Include="..\..\src\Engine.GFX\Memory\VkAllocator.hpp">
      <Filter>Headerdateien\Memory</Filter>
    </ClInclude>
    <ClInclude Include="..\..\src\Engine.GFX\Buffer\VirtualBuffer.hpp">
      <Filter>Headerdateien\Buffer</Filter>
    </ClInclude>
    <ClInclude Include="..\..\src\Engine.GFX\Buffer\VirtualBufferPage.hpp">
      <Filter>Headerdateien\Buffer</Filter>
    </ClInclude>
    <ClInclude Include="..\..\src\Engine.GFX\GraphicPass\GraphicPassResult.hpp">
      <Filter>Headerdateien\GraphicPass</Filter>
    </ClInclude>
    <ClInclude Include="..\..\src\Engine.GFX\GraphicPass\GraphicPassStageContext.hpp">
      <Filter>Headerdateien\GraphicPass</Filter>
    </ClInclude>
    <ClInclude Include="..\..\src\Engine.GFX\GraphicPass\GraphicPassMask.hpp">
      <Filter>Headerdateien\GraphicPass</Filter>
    </ClInclude>
    <ClInclude Include="..\..\src\Engine.GFX\GraphicPass\GraphicPassModelProcessor.hpp">
      <Filter>Headerdateien\GraphicPass</Filter>
    </ClInclude>
    <ClInclude Include="..\..\src\Engine.GFX\GraphicPass\ProcessedModelBatch.hpp">
      <Filter>Headerdateien\GraphicPass</Filter>
    </ClInclude>
    <ClInclude Include="..\..\src\Engine.GFX\Command\__fwd.hpp">
      <Filter>Headerdateien\Command</Filter>
    </ClInclude>
    <ClInclude Include="..\..\src\Engine.GFX\Memory\MemoryCache.hpp">
      <Filter>Headerdateien\Memory</Filter>
    </ClInclude>
    <ClInclude Include="..\..\src\Engine.GFX\Memory\__fwd.hpp">
      <Filter>Headerdateien\Memory</Filter>
    </ClInclude>
    <ClInclude Include="..\..\src\Engine.GFX\Memory\MemoryLayout.hpp">
      <Filter>Headerdateien\Memory</Filter>
    </ClInclude>
    <ClInclude Include="..\..\src\Engine.GFX\Memory\LocalPooledAllocator.hpp">
      <Filter>Headerdateien\Memory</Filter>
    </ClInclude>
    <ClInclude Include="..\..\src\Engine.GFX\Memory\GlobalPooledAllocator.hpp">
      <Filter>Headerdateien\Memory</Filter>
    </ClInclude>
    <ClInclude Include="..\..\src\Engine.GFX\Memory\MemoryPool.hpp">
      <Filter>Headerdateien\Memory</Filter>
    </ClInclude>
    <ClInclude Include="..\..\src\Engine.GFX\Memory\AllocationResult.hpp">
      <Filter>Headerdateien\Memory</Filter>
    </ClInclude>
    <ClInclude Include="..\..\src\Engine.GFX\Cache\LocalResourceCache.hpp">
      <Filter>Headerdateien\Cache</Filter>
    </ClInclude>
    <ClInclude Include="..\..\src\Engine.GFX\Cache\TransientCache.hpp">
      <Filter>Headerdateien\Cache</Filter>
    </ClInclude>
    <ClInclude Include="..\..\src\Engine.GFX\Cache\__fwd.hpp">
      <Filter>Headerdateien\Cache</Filter>
    </ClInclude>
    <ClInclude Include="..\..\src\Engine.GFX\Cache\CacheResult.hpp">
      <Filter>Headerdateien\Cache</Filter>
    </ClInclude>
    <ClInclude Include="..\..\src\Engine.GFX\Cache\ModelBatch.hpp">
      <Filter>Headerdateien\Cache</Filter>
    </ClInclude>
    <ClInclude Include="..\..\src\Engine.GFX\Cache\GlobalResourceCache.hpp">
      <Filter>Headerdateien\Cache</Filter>
    </ClInclude>
    <ClInclude Include="..\..\src\Engine.GFX\Texture\VirtualTextureView.hpp">
      <Filter>Headerdateien\Texture</Filter>
    </ClInclude>
    <ClInclude Include="..\..\src\Engine.GFX\Texture\__fwd.hpp">
      <Filter>Headerdateien\Texture</Filter>
    </ClInclude>
    <ClInclude Include="..\..\src\Engine.GFX\Texture\VirtualTexturePage.hpp">
      <Filter>Headerdateien\Texture</Filter>
    </ClInclude>
    <ClInclude Include="..\..\src\Engine.GFX\Cache\GlobalCacheCtrl.hpp">
      <Filter>Headerdateien\Cache</Filter>
    </ClInclude>
    <ClInclude Include="..\..\src\Engine.GFX\Cache\CacheCtrlSubject.hpp">
      <Filter>Headerdateien\Cache</Filter>
    </ClInclude>
    <ClInclude Include="..\..\src\Engine.GFX\Cache\CacheTextureSubject.hpp">
      <Filter>Headerdateien\Cache</Filter>
    </ClInclude>
    <ClInclude Include="..\..\src\Engine.GFX\Cache\CacheStaticGeometrySubject.hpp">
      <Filter>Headerdateien\Cache</Filter>
    </ClInclude>
    <ClInclude Include="..\..\src\Engine.GFX\Cache\LocalCacheCtrl.hpp">
      <Filter>Headerdateien\Cache</Filter>
    </ClInclude>
    <ClInclude Include="..\..\src\Engine.GFX\Texture\VirtualTexturePageFlag.hpp">
      <Filter>Headerdateien\Texture</Filter>
    </ClInclude>
    <ClInclude Include="..\..\src\Engine.GFX\Buffer\VirtualBufferView.hpp">
      <Filter>Headerdateien\Buffer</Filter>
    </ClInclude>
    <ClInclude Include="..\..\src\Engine.GFX\Buffer\__fwd.hpp">
      <Filter>Headerdateien\Buffer</Filter>
    </ClInclude>
    <ClInclude Include="..\..\src\Engine.GFX\Scene\SkyboxModel.hpp">
      <Filter>Headerdateien\Scene</Filter>
    </ClInclude>
    <ClInclude Include="..\..\src\Engine.GFX\RenderTarget.hpp">
      <Filter>Headerdateien</Filter>
    </ClInclude>
    <ClInclude Include="..\..\src\Engine.GFX\RenderEnqueueResult.hpp">
      <Filter>Headerdateien</Filter>
    </ClInclude>
    <ClInclude Include="..\..\src\Engine.GFX\Swapchain\VkSurfaceSwapchain.hpp">
      <Filter>Headerdateien\Swapchain</Filter>
    </ClInclude>
    <ClInclude Include="..\..\src\Engine.GFX\Swapchain\VkSwapchain.hpp">
      <Filter>Headerdateien\Swapchain</Filter>
    </ClInclude>
    <ClInclude Include="..\..\src\Engine.GFX\Texture\TextureView.hpp">
      <Filter>Headerdateien\Texture</Filter>
    </ClInclude>
    <ClInclude Include="..\..\src\Engine.GFX\Geometry\UIVertex.hpp">
      <Filter>Headerdateien\Geometry</Filter>
    </ClInclude>
    <ClInclude Include="..\..\src\Engine.GFX\Swapchain\__fwd.hpp">
      <Filter>Headerdateien\Swapchain</Filter>
    </ClInclude>
    <ClInclude Include="..\..\src\Engine.GFX\Importer\ImageFileTypes.hpp">
      <Filter>Headerdateien\Importer</Filter>
    </ClInclude>
    <ClInclude Include="..\..\src\Engine.GFX\Camera\CameraModes.hpp">
      <Filter>Headerdateien\Camera</Filter>
    </ClInclude>
    <ClInclude Include="..\..\src\Engine.GFX\Surface\SurfaceManager.hpp">
      <Filter>Headerdateien\Surface</Filter>
    </ClInclude>
    <ClInclude Include="..\..\src\Engine.GFX\Scene\CameraModel.hpp">
      <Filter>Headerdateien\Scene</Filter>
    </ClInclude>
    <ClInclude Include="..\..\src\Engine.GFX\Pool\__fwd.hpp">
      <Filter>Headerdateien\Pool</Filter>
    </ClInclude>
    <ClInclude Include="..\..\src\Engine.GFX\Pool\GlobalResourcePool.hpp">
      <Filter>Headerdateien\Pool</Filter>
    </ClInclude>
    <ClInclude Include="..\..\src\Engine.GFX\API\__vkFwd.hpp">
      <Filter>Headerdateien\API</Filter>
    </ClInclude>
    <ClInclude Include="..\..\src\Engine.GFX\Importer\ModelFileTypes.hpp">
      <Filter>Headerdateien\Importer</Filter>
    </ClInclude>
    <ClInclude Include="..\..\src\Engine.GFX\Texture\TextureLikeObject.hpp">
      <Filter>Headerdateien\Texture</Filter>
    </ClInclude>
    <ClInclude Include="..\..\src\Engine.GFX\Texture\TextureObject.hpp">
      <Filter>Headerdateien\Texture</Filter>
    </ClInclude>
    <ClInclude Include="..\..\src\Engine.GFX\Buffer\BufferLikeObject.hpp">
      <Filter>Headerdateien\Buffer</Filter>
    </ClInclude>
    <ClInclude Include="..\..\src\Engine.GFX\Buffer\BufferObject.hpp">
      <Filter>Headerdateien\Buffer</Filter>
    </ClInclude>
    <ClInclude Include="..\..\src\Engine.GFX\Buffer\IndexBufferView.hpp">
      <Filter>Headerdateien\Buffer</Filter>
    </ClInclude>
    <ClInclude Include="..\..\src\Engine.GFX\Buffer\VertexBufferView.hpp">
      <Filter>Headerdateien\Buffer</Filter>
    </ClInclude>
    <ClInclude Include="..\..\src\Engine.GFX\Buffer\UniformBufferView.hpp">
      <Filter>Headerdateien\Buffer</Filter>
    </ClInclude>
    <ClInclude Include="..\..\src\Engine.GFX\Buffer\StorageBufferView.hpp">
      <Filter>Headerdateien\Buffer</Filter>
    </ClInclude>
    <ClInclude Include="..\..\src\Engine.GFX\Texture\SampledTextureView.hpp">
      <Filter>Headerdateien\Texture</Filter>
    </ClInclude>
    <ClInclude Include="..\..\src\Engine.GFX\Pool\SceneResourcePool.hpp">
      <Filter>Headerdateien\Pool</Filter>
    </ClInclude>
    <ClInclude Include="..\..\src\Engine.GFX\Pool\InstancePooled.hpp">
      <Filter>Headerdateien\Pool</Filter>
    </ClInclude>
    <ClInclude Include="..\..\src\Engine.GFX\Pool\RangePooled.hpp">
      <Filter>Headerdateien\Pool</Filter>
    </ClInclude>
    <ClInclude Include="..\..\src\Engine.GFX\Aabb.hpp">
      <Filter>Headerdateien</Filter>
    </ClInclude>
  </ItemGroup>
  <ItemGroup>
    <ClCompile Include="..\..\src\Engine.GFX\Skybox\Skybox.cpp">
      <Filter>Quelldateien\Skybox</Filter>
    </ClCompile>
    <ClCompile Include="..\..\src\Engine.GFX\Graphics.cpp">
      <Filter>Quelldateien</Filter>
    </ClCompile>
    <ClCompile Include="..\..\src\Engine.GFX\Application\Application.cpp">
      <Filter>Quelldateien\Application</Filter>
    </ClCompile>
    <ClCompile Include="..\..\src\Engine.GFX\Surface\Surface.cpp">
      <Filter>Quelldateien\Surface</Filter>
    </ClCompile>
    <ClCompile Include="..\..\src\Engine.GFX\Swapchain\Swapchain.cpp">
      <Filter>Quelldateien\Swapchain</Filter>
    </ClCompile>
    <ClCompile Include="..\..\src\Engine.GFX\Device\Device.cpp">
      <Filter>Quelldateien\Device</Filter>
    </ClCompile>
    <ClCompile Include="..\..\src\Engine.GFX\Color\Color.cpp">
      <Filter>Quelldateien\Color</Filter>
    </ClCompile>
    <ClCompile Include="..\..\src\Engine.GFX\Texture\Texture.cpp">
      <Filter>Quelldateien\Texture</Filter>
    </ClCompile>
    <ClCompile Include="..\..\src\Engine.GFX\Command\CommandQueue.cpp">
      <Filter>Quelldateien\Command</Filter>
    </ClCompile>
    <ClCompile Include="..\..\src\Engine.GFX\Command\CommandBatch.cpp">
      <Filter>Quelldateien\Command</Filter>
    </ClCompile>
    <ClCompile Include="..\..\src\Engine.GFX\Command\CommandBuffer.cpp">
      <Filter>Quelldateien\Command</Filter>
    </ClCompile>
    <ClCompile Include="..\..\src\Engine.GFX\Command\CommandPool.cpp">
      <Filter>Quelldateien\Command</Filter>
    </ClCompile>
    <ClCompile Include="..\..\src\Engine.GFX\Generator\MipMap.cpp">
      <Filter>Quelldateien\Generator</Filter>
    </ClCompile>
    <ClCompile Include="..\..\src\Engine.GFX\Framebuffer\Framebuffer.cpp">
      <Filter>Quelldateien\Framebuffer</Filter>
    </ClCompile>
    <ClCompile Include="..\..\src\Engine.GFX\Texture\TextureFactory.cpp">
      <Filter>Quelldateien\Texture</Filter>
    </ClCompile>
    <ClCompile Include="..\..\src\Engine.GFX\Texture\VkTextureFactory.cpp">
      <Filter>Quelldateien\Texture</Filter>
    </ClCompile>
    <ClCompile Include="..\..\src\Engine.GFX\Texture\TextureBuffer.cpp">
      <Filter>Quelldateien\Texture</Filter>
    </ClCompile>
    <ClCompile Include="..\..\src\Engine.GFX\Viewport.cpp">
      <Filter>Quelldateien</Filter>
    </ClCompile>
    <ClCompile Include="..\..\src\Engine.GFX\Texture\VirtualTexture.cpp">
      <Filter>Quelldateien\Texture</Filter>
    </ClCompile>
    <ClCompile Include="..\..\src\Engine.GFX\Geometry\Geometry.cpp">
      <Filter>Quelldateien\Geometry</Filter>
    </ClCompile>
    <ClCompile Include="..\..\src\Engine.GFX\API\VkTranslate.cpp">
      <Filter>Quelldateien\API</Filter>
    </ClCompile>
    <ClCompile Include="..\..\src\Engine.GFX\Camera\CameraFrustum.cpp">
      <Filter>Quelldateien\Camera</Filter>
    </ClCompile>
    <ClCompile Include="..\..\src\Engine.GFX\Texture\TextureSampler.cpp">
      <Filter>Quelldateien\Texture</Filter>
    </ClCompile>
    <ClCompile Include="..\..\src\Engine.GFX\TextureFormat.cpp">
      <Filter>Quelldateien</Filter>
    </ClCompile>
    <ClCompile Include="..\..\src\Engine.GFX\Geometry\Mesh.cpp">
      <Filter>Quelldateien\Geometry</Filter>
    </ClCompile>
    <ClCompile Include="..\..\src\Engine.GFX\Geometry\PolygonMesh.cpp">
      <Filter>Quelldateien\Geometry</Filter>
    </ClCompile>
    <ClCompile Include="..\..\src\Engine.GFX\Geometry\Plane.cpp">
      <Filter>Quelldateien\Geometry</Filter>
    </ClCompile>
    <ClCompile Include="..\..\src\Engine.GFX\Geometry\Cube.cpp">
      <Filter>Quelldateien\Geometry</Filter>
    </ClCompile>
    <ClCompile Include="..\..\src\Engine.GFX\Geometry\Sphere.cpp">
      <Filter>Quelldateien\Geometry</Filter>
    </ClCompile>
    <ClCompile Include="..\..\src\Engine.GFX\Memory\VirtualMemory.cpp">
      <Filter>Quelldateien\Memory</Filter>
    </ClCompile>
    <ClCompile Include="..\..\src\Engine.GFX\Memory\VirtualMemoryPage.cpp">
      <Filter>Quelldateien\Memory</Filter>
    </ClCompile>
    <ClCompile Include="..\..\src\Engine.GFX\Memory\AllocatedMemory.cpp">
      <Filter>Quelldateien\Memory</Filter>
    </ClCompile>
    <ClCompile Include="..\..\src\Engine.GFX\Memory\VkAllocator.cpp">
      <Filter>Quelldateien\Memory</Filter>
    </ClCompile>
    <ClCompile Include="..\..\src\Engine.GFX\Buffer\VirtualBufferPage.cpp">
      <Filter>Quelldateien\Buffer</Filter>
    </ClCompile>
    <ClCompile Include="..\..\src\Engine.GFX\Buffer\VirtualBuffer.cpp">
      <Filter>Quelldateien\Buffer</Filter>
    </ClCompile>
    <ClCompile Include="..\..\src\Engine.GFX\Memory\Allocator.cpp">
      <Filter>Quelldateien\Memory</Filter>
    </ClCompile>
    <ClCompile Include="..\..\src\Engine.GFX\GraphicPass\GraphicPassPipeline.cpp">
      <Filter>Quelldateien\GraphicPass</Filter>
    </ClCompile>
    <ClCompile Include="..\..\src\Engine.GFX\GraphicPass\GraphicPass.cpp">
      <Filter>Quelldateien\GraphicPass</Filter>
    </ClCompile>
    <ClCompile Include="..\..\src\Engine.GFX\GraphicPass\GraphicPassModelProcessor.cpp">
      <Filter>Quelldateien\GraphicPass</Filter>
    </ClCompile>
    <ClCompile Include="..\..\src\Engine.GFX\GraphicPass\ProcessedModelBatch.cpp">
      <Filter>Quelldateien\GraphicPass</Filter>
    </ClCompile>
    <ClCompile Include="..\..\src\Engine.GFX\Memory\LocalPooledAllocator.cpp">
      <Filter>Quelldateien\Memory</Filter>
    </ClCompile>
    <ClCompile Include="..\..\src\Engine.GFX\Memory\GlobalPooledAllocator.cpp">
      <Filter>Quelldateien\Memory</Filter>
    </ClCompile>
    <ClCompile Include="..\..\src\Engine.GFX\Memory\MemoryCache.cpp">
      <Filter>Quelldateien\Memory</Filter>
    </ClCompile>
    <ClCompile Include="..\..\src\Engine.GFX\Memory\MemoryPool.cpp">
      <Filter>Quelldateien\Memory</Filter>
    </ClCompile>
    <ClCompile Include="..\..\src\Engine.GFX\Cache\LocalResourceCache.cpp">
      <Filter>Quelldateien\Cache</Filter>
    </ClCompile>
    <ClCompile Include="..\..\src\Engine.GFX\Cache\TransientCache.cpp">
      <Filter>Quelldateien\Cache</Filter>
    </ClCompile>
    <ClCompile Include="..\..\src\Engine.GFX\Cache\GlobalResourceCache.cpp">
      <Filter>Quelldateien\Cache</Filter>
    </ClCompile>
    <ClCompile Include="..\..\src\Engine.GFX\Texture\VirtualTextureView.cpp">
      <Filter>Quelldateien\Texture</Filter>
    </ClCompile>
    <ClCompile Include="..\..\src\Engine.GFX\Texture\VirtualTexturePage.cpp">
      <Filter>Quelldateien\Texture</Filter>
    </ClCompile>
    <ClCompile Include="..\..\src\Engine.GFX\Cache\GlobalCacheCtrl.cpp">
      <Filter>Quelldateien\Cache</Filter>
    </ClCompile>
    <ClCompile Include="..\..\src\Engine.GFX\Cache\LocalCacheCtrl.cpp">
      <Filter>Quelldateien\Cache</Filter>
    </ClCompile>
    <ClCompile Include="..\..\src\Engine.GFX\Buffer\Buffer.cpp">
      <Filter>Quelldateien\Buffer</Filter>
    </ClCompile>
    <ClCompile Include="..\..\src\Engine.GFX\Buffer\VirtualBufferView.cpp">
      <Filter>Quelldateien\Buffer</Filter>
    </ClCompile>
    <ClCompile Include="..\..\src\Engine.GFX\Scene\SkyboxModel.cpp">
      <Filter>Quelldateien\Scene</Filter>
    </ClCompile>
    <ClCompile Include="..\..\src\Engine.GFX\RenderTarget.cpp">
      <Filter>Quelldateien</Filter>
    </ClCompile>
    <ClCompile Include="..\..\src\Engine.GFX\Swapchain\VkSurfaceSwapchain.cpp">
      <Filter>Quelldateien\Swapchain</Filter>
    </ClCompile>
    <ClCompile Include="..\..\src\Engine.GFX\Swapchain\VkSwapchain.cpp">
      <Filter>Quelldateien\Swapchain</Filter>
    </ClCompile>
    <ClCompile Include="..\..\src\Engine.GFX\Texture\TextureView.cpp">
      <Filter>Quelldateien\Texture</Filter>
    </ClCompile>
    <ClCompile Include="..\..\src\Engine.GFX\Importer\KtxImporter.cpp">
      <Filter>Quelldateien\Importer</Filter>
    </ClCompile>
    <ClCompile Include="..\..\src\Engine.GFX\Importer\ImageFileTypes.cpp">
      <Filter>Quelldateien\Importer</Filter>
    </ClCompile>
    <ClCompile Include="..\..\src\Engine.GFX\Surface\SurfaceManager.cpp">
      <Filter>Quelldateien\Surface</Filter>
    </ClCompile>
    <ClCompile Include="..\..\src\Engine.GFX\Scene\CameraModel.cpp">
      <Filter>Quelldateien\Scene</Filter>
    </ClCompile>
    <ClCompile Include="..\..\src\Engine.GFX\Pool\GlobalResourcePool.cpp">
      <Filter>Quelldateien\Pool</Filter>
    </ClCompile>
    <ClCompile Include="..\..\src\Engine.GFX\Importer\FbxImporter.cpp">
      <Filter>Quelldateien\Importer</Filter>
    </ClCompile>
    <ClCompile Include="..\..\src\Engine.GFX\Importer\ModelFileTypes.cpp">
      <Filter>Quelldateien\Importer</Filter>
    </ClCompile>
    <ClCompile Include="..\..\src\Engine.GFX\Scene\SkeletalGeometryModel.cpp">
      <Filter>Quelldateien\Scene</Filter>
    </ClCompile>
    <ClCompile Include="..\..\src\Engine.GFX\Texture\SampledTextureView.cpp">
      <Filter>Quelldateien\Texture</Filter>
    </ClCompile>
    <ClCompile Include="..\..\src\Engine.GFX\Buffer\UniformBufferView.cpp">
      <Filter>Quelldateien\Buffer</Filter>
    </ClCompile>
    <ClCompile Include="..\..\src\Engine.GFX\Buffer\StorageBufferView.cpp">
      <Filter>Quelldateien\Buffer</Filter>
    </ClCompile>
    <ClCompile Include="..\..\src\Engine.GFX\Pool\SceneResourcePool.cpp">
      <Filter>Quelldateien\Pool</Filter>
    </ClCompile>
  </ItemGroup>
</Project>