<?xml version="1.0" encoding="utf-8"?>
<Project ToolsVersion="4.0" xmlns="http://schemas.microsoft.com/developer/msbuild/2003">
  <ItemGroup>
    <Filter Include="Quelldateien">
      <UniqueIdentifier>{4FC737F1-C7A5-4376-A066-2A32D752A2FF}</UniqueIdentifier>
      <Extensions>cpp;c;cc;cxx;c++;cppm;ixx;def;odl;idl;hpj;bat;asm;asmx</Extensions>
    </Filter>
    <Filter Include="Headerdateien">
      <UniqueIdentifier>{93995380-89BD-4b04-88EB-625FBE52EBFB}</UniqueIdentifier>
      <Extensions>h;hh;hpp;hxx;h++;hm;inl;inc;ipp;xsd</Extensions>
    </Filter>
    <Filter Include="Ressourcendateien">
      <UniqueIdentifier>{67DA6AB6-F800-4c08-8B7A-83BB121AAD01}</UniqueIdentifier>
      <Extensions>rc;ico;cur;bmp;dlg;rc2;rct;bin;rgs;gif;jpg;jpeg;jpe;resx;tiff;tif;png;wav;mfcribbon-ms</Extensions>
    </Filter>
    <Filter Include="Headerdateien\Actors">
      <UniqueIdentifier>{8aa1b8d4-5b35-49c2-a7cc-b74ee06633c2}</UniqueIdentifier>
    </Filter>
    <Filter Include="Headerdateien\Components">
      <UniqueIdentifier>{f55b11d3-c54d-41ba-91e6-8ecd102f150a}</UniqueIdentifier>
    </Filter>
    <Filter Include="Quelldateien\Actors">
      <UniqueIdentifier>{508fa095-6038-4afa-897b-4badbe6a4d6c}</UniqueIdentifier>
    </Filter>
    <Filter Include="Quelldateien\Components">
      <UniqueIdentifier>{92a6a43e-1161-4dbb-8b33-fd4d3f2fa4af}</UniqueIdentifier>
    </Filter>
    <Filter Include="Headerdateien\Components\__UI__">
      <UniqueIdentifier>{00906c5e-3db1-463d-9b0f-00439945b848}</UniqueIdentifier>
    </Filter>
    <Filter Include="Headerdateien\Actors\Camera">
      <UniqueIdentifier>{10e1531d-a791-4636-8fc1-dce01a06f96d}</UniqueIdentifier>
    </Filter>
    <Filter Include="Headerdateien\Components\Camera">
      <UniqueIdentifier>{87cefc6a-7250-4da1-8fc4-942d4f065804}</UniqueIdentifier>
    </Filter>
    <Filter Include="Quelldateien\Components\Camera">
      <UniqueIdentifier>{249ff097-18ff-4713-8dbb-15880138e636}</UniqueIdentifier>
    </Filter>
    <Filter Include="Quelldateien\Actors\Camera">
      <UniqueIdentifier>{920ab0e3-051c-414a-9141-d3a664906a83}</UniqueIdentifier>
    </Filter>
  </ItemGroup>
  <ItemGroup>
    <ClInclude Include="..\..\src\Ember\Texture.hpp">
      <Filter>Headerdateien</Filter>
    </ClInclude>
    <ClInclude Include="..\..\src\Ember\TextureBuffer.hpp">
      <Filter>Headerdateien</Filter>
    </ClInclude>
    <ClInclude Include="..\..\src\Ember\GfxMaterial.hpp">
      <Filter>Headerdateien</Filter>
    </ClInclude>
    <ClInclude Include="..\..\src\Ember\PfxMaterial.hpp">
      <Filter>Headerdateien</Filter>
    </ClInclude>
    <ClInclude Include="..\..\src\Ember\TextureFormat.hpp">
      <Filter>Headerdateien</Filter>
    </ClInclude>
    <ClInclude Include="..\..\src\Ember\AudioFormat.hpp">
      <Filter>Headerdateien</Filter>
    </ClInclude>
    <ClInclude Include="..\..\src\Ember\Ember.hpp">
      <Filter>Headerdateien</Filter>
    </ClInclude>
    <ClInclude Include="..\..\src\Ember\Traits.hpp">
      <Filter>Headerdateien</Filter>
    </ClInclude>
    <ClInclude Include="..\..\src\Ember\AssetDatabase.hpp">
      <Filter>Headerdateien</Filter>
    </ClInclude>
    <ClInclude Include="..\..\src\Ember\AssetDatabaseResult.hpp">
      <Filter>Headerdateien</Filter>
    </ClInclude>
    <ClInclude Include="..\..\src\Ember\Asset.hpp">
      <Filter>Headerdateien</Filter>
    </ClInclude>
    <ClInclude Include="..\..\src\Ember\RenderableAsset.hpp">
      <Filter>Headerdateien</Filter>
    </ClInclude>
    <ClInclude Include="..\..\src\Ember\StreamableAsset.hpp">
      <Filter>Headerdateien</Filter>
    </ClInclude>
    <ClInclude Include="..\..\src\Ember\StreamableRenderableAsset.hpp">
      <Filter>Headerdateien</Filter>
    </ClInclude>
    <ClInclude Include="..\..\src\Ember\SkeletalGeometryAsset.hpp">
      <Filter>Headerdateien</Filter>
    </ClInclude>
    <ClInclude Include="..\..\src\Ember\SoundAsset.hpp">
      <Filter>Headerdateien</Filter>
    </ClInclude>
    <ClInclude Include="..\..\src\Ember\StaticGeometryAsset.hpp">
      <Filter>Headerdateien</Filter>
    </ClInclude>
    <ClInclude Include="..\..\src\Ember\TextureAsset.hpp">
      <Filter>Headerdateien</Filter>
    </ClInclude>
    <ClInclude Include="..\..\src\Ember\LevelAsset.hpp">
      <Filter>Headerdateien</Filter>
    </ClInclude>
    <ClInclude Include="..\..\src\Ember\ImageAsset.hpp">
      <Filter>Headerdateien</Filter>
    </ClInclude>
    <ClInclude Include="..\..\src\Ember\GfxMaterialAsset.hpp">
      <Filter>Headerdateien</Filter>
    </ClInclude>
    <ClInclude Include="..\..\src\Ember\SfxMaterialAsset.hpp">
      <Filter>Headerdateien</Filter>
    </ClInclude>
    <ClInclude Include="..\..\src\Ember\PfxMaterialAsset.hpp">
      <Filter>Headerdateien</Filter>
    </ClInclude>
    <ClInclude Include="..\..\src\Ember\LandscapeGeometryAsset.hpp">
      <Filter>Headerdateien</Filter>
    </ClInclude>
    <ClInclude Include="..\..\src\Ember\TextureType.hpp">
      <Filter>Headerdateien</Filter>
    </ClInclude>
    <ClInclude Include="..\..\src\Ember\AssetAutoRegister.hpp">
      <Filter>Headerdateien</Filter>
    </ClInclude>
    <ClInclude Include="..\..\src\Ember\AssetAutoGuid.hpp">
      <Filter>Headerdateien</Filter>
    </ClInclude>
    <ClInclude Include="..\..\src\Ember\Inbuilt.hpp">
      <Filter>Headerdateien</Filter>
    </ClInclude>
    <ClInclude Include="..\..\src\Ember\Level.hpp">
      <Filter>Headerdateien</Filter>
    </ClInclude>
    <ClInclude Include="..\..\src\Ember\World.hpp">
      <Filter>Headerdateien</Filter>
    </ClInclude>
    <ClInclude Include="..\..\src\Ember\Task.hpp">
      <Filter>Headerdateien</Filter>
    </ClInclude>
    <ClInclude Include="..\..\src\Ember\ActorInitializer.hpp">
      <Filter>Headerdateien</Filter>
    </ClInclude>
    <ClInclude Include="..\..\src\Ember\ActorComponent.hpp">
      <Filter>Headerdateien\Components</Filter>
    </ClInclude>
    <ClInclude Include="..\..\src\Ember\CollisionComponent.hpp">
      <Filter>Headerdateien\Components</Filter>
    </ClInclude>
    <ClInclude Include="..\..\src\Ember\LightComponent.hpp">
      <Filter>Headerdateien\Components</Filter>
    </ClInclude>
    <ClInclude Include="..\..\src\Ember\LogicComponent.hpp">
      <Filter>Headerdateien\Components</Filter>
    </ClInclude>
    <ClInclude Include="..\..\src\Ember\ModelComponent.hpp">
      <Filter>Headerdateien\Components</Filter>
    </ClInclude>
    <ClInclude Include="..\..\src\Ember\SceneComponent.hpp">
      <Filter>Headerdateien\Components</Filter>
    </ClInclude>
    <ClInclude Include="..\..\src\Ember\SkeletalGeometryComponent.hpp">
      <Filter>Headerdateien\Components</Filter>
    </ClInclude>
    <ClInclude Include="..\..\src\Ember\SkinnedGeometryComponent.hpp">
      <Filter>Headerdateien\Components</Filter>
    </ClInclude>
    <ClInclude Include="..\..\src\Ember\StaticGeometryComponent.hpp">
      <Filter>Headerdateien\Components</Filter>
    </ClInclude>
    <ClInclude Include="..\..\src\Ember\Actor.hpp">
      <Filter>Headerdateien\Actors</Filter>
    </ClInclude>
    <ClInclude Include="..\..\src\Ember\StaticGeometryActor.hpp">
      <Filter>Headerdateien\Actors</Filter>
    </ClInclude>
    <ClInclude Include="..\..\src\Ember\Scene.hpp">
      <Filter>Headerdateien</Filter>
    </ClInclude>
    <ClInclude Include="..\..\src\Ember\IComponentRegisterContext.hpp">
      <Filter>Headerdateien</Filter>
    </ClInclude>
    <ClInclude Include="..\..\src\Ember\CachedActorPointer.hpp">
      <Filter>Headerdateien\Actors</Filter>
    </ClInclude>
    <ClInclude Include="..\..\src\Ember\SkyboxComponent.hpp">
      <Filter>Headerdateien\Components</Filter>
    </ClInclude>
    <ClInclude Include="..\..\src\Ember\UIComponent.hpp">
      <Filter>Headerdateien\Components\__UI__</Filter>
    </ClInclude>
    <ClInclude Include="..\..\src\Ember\FontAsset.hpp">
      <Filter>Headerdateien</Filter>
    </ClInclude>
    <ClInclude Include="..\..\src\Ember\Actors\CameraActor.hpp">
      <Filter>Headerdateien\Actors\Camera</Filter>
    </ClInclude>
    <ClInclude Include="..\..\src\Ember\Components\CameraComponent.hpp">
      <Filter>Headerdateien\Components\Camera</Filter>
    </ClInclude>
    <ClInclude Include="..\..\src\Ember\EmberStatic.hpp">
      <Filter>Headerdateien</Filter>
    </ClInclude>
    <ClInclude Include="..\..\src\Ember\Session.hpp">
      <Filter>Headerdateien</Filter>
    </ClInclude>
    <ClInclude Include="..\..\src\Ember\Future.hpp">
      <Filter>Headerdateien</Filter>
    </ClInclude>
  </ItemGroup>
  <ItemGroup>
    <ClCompile Include="..\..\src\Ember\AudioFormat.cpp">
      <Filter>Quelldateien</Filter>
    </ClCompile>
    <ClCompile Include="..\..\src\Ember\GfxMaterial.cpp">
      <Filter>Quelldateien</Filter>
    </ClCompile>
    <ClCompile Include="..\..\src\Ember\PfxMaterial.cpp">
      <Filter>Quelldateien</Filter>
    </ClCompile>
    <ClCompile Include="..\..\src\Ember\Texture.cpp">
      <Filter>Quelldateien</Filter>
    </ClCompile>
    <ClCompile Include="..\..\src\Ember\TextureBuffer.cpp">
      <Filter>Quelldateien</Filter>
    </ClCompile>
    <ClCompile Include="..\..\src\Ember\TextureFormat.cpp">
      <Filter>Quelldateien</Filter>
    </ClCompile>
    <ClCompile Include="..\..\src\Ember\Ember.cpp">
      <Filter>Quelldateien</Filter>
    </ClCompile>
    <ClCompile Include="..\..\src\Ember\AssetDatabase.cpp">
      <Filter>Quelldateien</Filter>
    </ClCompile>
    <ClCompile Include="..\..\src\Ember\Asset.cpp">
      <Filter>Quelldateien</Filter>
    </ClCompile>
    <ClCompile Include="..\..\src\Ember\ImageAsset.cpp">
      <Filter>Quelldateien</Filter>
    </ClCompile>
    <ClCompile Include="..\..\src\Ember\StreamableRenderableAsset.cpp">
      <Filter>Quelldateien</Filter>
    </ClCompile>
    <ClCompile Include="..\..\src\Ember\RenderableAsset.cpp">
      <Filter>Quelldateien</Filter>
    </ClCompile>
    <ClCompile Include="..\..\src\Ember\StreamableAsset.cpp">
      <Filter>Quelldateien</Filter>
    </ClCompile>
    <ClCompile Include="..\..\src\Ember\SoundAsset.cpp">
      <Filter>Quelldateien</Filter>
    </ClCompile>
    <ClCompile Include="..\..\src\Ember\LevelAsset.cpp">
      <Filter>Quelldateien</Filter>
    </ClCompile>
    <ClCompile Include="..\..\src\Ember\GfxMaterialAsset.cpp">
      <Filter>Quelldateien</Filter>
    </ClCompile>
    <ClCompile Include="..\..\src\Ember\SfxMaterialAsset.cpp">
      <Filter>Quelldateien</Filter>
    </ClCompile>
    <ClCompile Include="..\..\src\Ember\PfxMaterialAsset.cpp">
      <Filter>Quelldateien</Filter>
    </ClCompile>
    <ClCompile Include="..\..\src\Ember\StaticGeometryAsset.cpp">
      <Filter>Quelldateien</Filter>
    </ClCompile>
    <ClCompile Include="..\..\src\Ember\SkeletalGeometryAsset.cpp">
      <Filter>Quelldateien</Filter>
    </ClCompile>
    <ClCompile Include="..\..\src\Ember\LandscapeGeometryAsset.cpp">
      <Filter>Quelldateien</Filter>
    </ClCompile>
    <ClCompile Include="..\..\src\Ember\TextureAsset.cpp">
      <Filter>Quelldateien</Filter>
    </ClCompile>
    <ClCompile Include="..\..\src\Ember\Inbuilt.cpp">
      <Filter>Quelldateien</Filter>
    </ClCompile>
    <ClCompile Include="..\..\src\Ember\Level.cpp">
      <Filter>Quelldateien</Filter>
    </ClCompile>
    <ClCompile Include="..\..\src\Ember\World.cpp">
      <Filter>Quelldateien</Filter>
    </ClCompile>
    <ClCompile Include="..\..\src\Ember\Task.cpp">
      <Filter>Quelldateien</Filter>
    </ClCompile>
    <ClCompile Include="..\..\src\Ember\Actor.cpp">
      <Filter>Quelldateien\Actors</Filter>
    </ClCompile>
    <ClCompile Include="..\..\src\Ember\StaticGeometryActor.cpp">
      <Filter>Quelldateien\Actors</Filter>
    </ClCompile>
    <ClCompile Include="..\..\src\Ember\ActorInitializer.cpp">
      <Filter>Quelldateien</Filter>
    </ClCompile>
    <ClCompile Include="..\..\src\Ember\ModelComponent.cpp">
      <Filter>Quelldateien\Components</Filter>
    </ClCompile>
    <ClCompile Include="..\..\src\Ember\SceneComponent.cpp">
      <Filter>Quelldateien\Components</Filter>
    </ClCompile>
    <ClCompile Include="..\..\src\Ember\ActorComponent.cpp">
      <Filter>Quelldateien\Components</Filter>
    </ClCompile>
    <ClCompile Include="..\..\src\Ember\StaticGeometryComponent.cpp">
      <Filter>Quelldateien\Components</Filter>
    </ClCompile>
    <ClCompile Include="..\..\src\Ember\LogicComponent.cpp">
      <Filter>Quelldateien\Components</Filter>
    </ClCompile>
    <ClCompile Include="..\..\src\Ember\Traits.cpp">
      <Filter>Quelldateien</Filter>
    </ClCompile>
    <ClCompile Include="..\..\src\Ember\SkyboxComponent.cpp">
      <Filter>Quelldateien\Components</Filter>
    </ClCompile>
    <ClCompile Include="..\..\src\Ember\FontAsset.cpp">
      <Filter>Quelldateien</Filter>
    </ClCompile>
    <ClCompile Include="..\..\src\Ember\SkeletalGeometryComponent.cpp">
      <Filter>Quelldateien\Components</Filter>
    </ClCompile>
    <ClCompile Include="..\..\src\Ember\Components\CameraComponent.cpp">
      <Filter>Quelldateien\Components\Camera</Filter>
    </ClCompile>
    <ClCompile Include="..\..\src\Ember\Actors\CameraActor.cpp">
      <Filter>Quelldateien\Actors\Camera</Filter>
    </ClCompile>
    <ClCompile Include="..\..\src\Ember\Session.cpp">
      <Filter>Quelldateien</Filter>
    </ClCompile>
  </ItemGroup>
</Project>